# This is a Gradle generated file for dependency locking.
# Manual edits can break the build and are not advised.
# This file is expected to be part of source control.
ch.qos.logback:logback-classic:1.4.7=compileClasspath,implementationDependenciesMetadata,runtimeClasspath,testCompileClasspath,testImplementationDependenciesMetadata,testRuntimeClasspath
ch.qos.logback:logback-core:1.4.7=compileClasspath,implementationDependenciesMetadata,runtimeClasspath,testCompileClasspath,testImplementationDependenciesMetadata,testRuntimeClasspath
ch.qos.reload4j:reload4j:1.2.19=testCompileClasspath,testImplementationDependenciesMetadata,testRuntimeClasspath
com.damnhandy:handy-uri-templates:2.1.8=testCompileClasspath,testImplementationDependenciesMetadata,testRuntimeClasspath
com.eclipsesource.minimal-json:minimal-json:0.9.5=compileClasspath,implementationDependenciesMetadata,runtimeClasspath,testCompileClasspath,testImplementationDependenciesMetadata,testRuntimeClasspath
com.fasterxml.jackson.core:jackson-annotations:2.15.2=compileClasspath,implementationDependenciesMetadata,runtimeClasspath,testCompileClasspath,testImplementationDependenciesMetadata,testRuntimeClasspath
com.fasterxml.jackson.core:jackson-core:2.15.2=compileClasspath,implementationDependenciesMetadata,runtimeClasspath,testCompileClasspath,testImplementationDependenciesMetadata,testRuntimeClasspath
com.fasterxml.jackson.core:jackson-databind:2.15.2=compileClasspath,implementationDependenciesMetadata,runtimeClasspath,testCompileClasspath,testImplementationDependenciesMetadata,testRuntimeClasspath
com.fasterxml.jackson.dataformat:jackson-dataformat-csv:2.15.2=testRuntimeClasspath
com.fasterxml.jackson.dataformat:jackson-dataformat-yaml:2.15.2=testCompileClasspath,testImplementationDependenciesMetadata,testRuntimeClasspath
com.fasterxml.jackson.datatype:jackson-datatype-guava:2.15.2=testCompileClasspath,testImplementationDependenciesMetadata,testRuntimeClasspath
com.fasterxml.jackson.datatype:jackson-datatype-jdk8:2.15.2=compileClasspath,implementationDependenciesMetadata,runtimeClasspath,testCompileClasspath,testImplementationDependenciesMetadata,testRuntimeClasspath
com.fasterxml.jackson.datatype:jackson-datatype-joda:2.15.2=testCompileClasspath,testImplementationDependenciesMetadata,testRuntimeClasspath
com.fasterxml.jackson.datatype:jackson-datatype-jsr310:2.15.2=compileClasspath,implementationDependenciesMetadata,runtimeClasspath,testCompileClasspath,testImplementationDependenciesMetadata,testRuntimeClasspath
com.fasterxml.jackson.jaxrs:jackson-jaxrs-base:2.15.2=testCompileClasspath,testImplementationDependenciesMetadata,testRuntimeClasspath
com.fasterxml.jackson.jaxrs:jackson-jaxrs-json-provider:2.15.2=testCompileClasspath,testImplementationDependenciesMetadata,testRuntimeClasspath
com.fasterxml.jackson.module:jackson-module-jaxb-annotations:2.15.2=testCompileClasspath,testImplementationDependenciesMetadata,testRuntimeClasspath
com.fasterxml.jackson.module:jackson-module-kotlin:2.15.2=compileClasspath,implementationDependenciesMetadata,runtimeClasspath,testCompileClasspath,testImplementationDependenciesMetadata,testRuntimeClasspath
com.fasterxml.jackson.module:jackson-module-parameter-names:2.15.2=testCompileClasspath,testImplementationDependenciesMetadata,testRuntimeClasspath
com.fasterxml.jackson.module:jackson-module-scala_2.13:2.15.2=testRuntimeClasspath
com.fasterxml.jackson:jackson-bom:2.15.2=compileClasspath,implementationDependenciesMetadata,runtimeClasspath,testCompileClasspath,testImplementationDependenciesMetadata,testRuntimeClasspath
com.fasterxml:classmate:1.3.4=testCompileClasspath,testImplementationDependenciesMetadata,testRuntimeClasspath
com.github.ben-manes.caffeine:caffeine:3.1.6=compileClasspath,implementationDependenciesMetadata,runtimeClasspath,testCompileClasspath,testImplementationDependenciesMetadata,testRuntimeClasspath
com.github.erosb:everit-json-schema:1.14.1=testCompileClasspath,testImplementationDependenciesMetadata,testRuntimeClasspath
com.github.luben:zstd-jni:1.5.2-1=runtimeClasspath,testRuntimeClasspath
com.github.stephenc.jcip:jcip-annotations:1.0-1=compileClasspath,implementationDependenciesMetadata,runtimeClasspath,testCompileClasspath,testImplementationDependenciesMetadata,testRuntimeClasspath
com.google.api.grpc:proto-google-common-protos:2.5.1=testCompileClasspath,testImplementationDependenciesMetadata,testRuntimeClasspath
com.google.code.findbugs:jsr305:3.0.2=compileClasspath,implementationDependenciesMetadata,runtimeClasspath,testCompileClasspath,testImplementationDependenciesMetadata,testRuntimeClasspath
com.google.code.gson:gson:2.8.9=testCompileClasspath,testImplementationDependenciesMetadata,testRuntimeClasspath
com.google.errorprone:error_prone_annotations:2.18.0=compileClasspath,implementationDependenciesMetadata,runtimeClasspath,testCompileClasspath,testImplementationDependenciesMetadata,testRuntimeClasspath
com.google.guava:failureaccess:1.0.1=compileClasspath,implementationDependenciesMetadata,runtimeClasspath,testCompileClasspath,testImplementationDependenciesMetadata,testRuntimeClasspath
com.google.guava:guava:30.1.1-jre=compileClasspath,implementationDependenciesMetadata,runtimeClasspath
com.google.guava:guava:31.1-jre=testCompileClasspath,testImplementationDependenciesMetadata,testRuntimeClasspath
com.google.guava:listenablefuture:9999.0-empty-to-avoid-conflict-with-guava=compileClasspath,implementationDependenciesMetadata,runtimeClasspath,testCompileClasspath,testImplementationDependenciesMetadata,testRuntimeClasspath
com.google.j2objc:j2objc-annotations:1.3=compileClasspath,implementationDependenciesMetadata,runtimeClasspath,testCompileClasspath,testImplementationDependenciesMetadata,testRuntimeClasspath
com.google.protobuf:protobuf-java-util:3.20.1=testCompileClasspath,testImplementationDependenciesMetadata,testRuntimeClasspath
com.google.protobuf:protobuf-java:3.20.1=testCompileClasspath,testImplementationDependenciesMetadata,testRuntimeClasspath
com.google.re2j:re2j:1.6=compileClasspath,implementationDependenciesMetadata,runtimeClasspath,testCompileClasspath,testImplementationDependenciesMetadata,testRuntimeClasspath
com.kjetland:mbknor-jackson-jsonschema_2.13:1.0.39=testCompileClasspath,testImplementationDependenciesMetadata,testRuntimeClasspath
com.nimbusds:content-type:2.2=compileClasspath,implementationDependenciesMetadata,runtimeClasspath,testCompileClasspath,testImplementationDependenciesMetadata,testRuntimeClasspath
com.nimbusds:lang-tag:1.7=compileClasspath,implementationDependenciesMetadata,runtimeClasspath,testCompileClasspath,testImplementationDependenciesMetadata,testRuntimeClasspath
com.nimbusds:nimbus-jose-jwt:9.31=compileClasspath,implementationDependenciesMetadata,runtimeClasspath,testCompileClasspath,testImplementationDependenciesMetadata,testRuntimeClasspath
com.nimbusds:oauth2-oidc-sdk:10.9.1=compileClasspath,implementationDependenciesMetadata,runtimeClasspath,testCompileClasspath,testImplementationDependenciesMetadata,testRuntimeClasspath
com.squareup.okhttp3:okhttp:4.11.0=compileClasspath,runtimeClasspath,testCompileClasspath,testRuntimeClasspath
com.squareup.okio:okio-bom:3.0.0=testCompileClasspath,testImplementationDependenciesMetadata,testRuntimeClasspath
com.squareup.okio:okio-jvm:3.0.0=testImplementationDependenciesMetadata
com.squareup.okio:okio-jvm:3.2.0=compileClasspath,runtimeClasspath,testCompileClasspath,testRuntimeClasspath
com.squareup.okio:okio:3.0.0=testImplementationDependenciesMetadata
com.squareup.okio:okio:3.2.0=compileClasspath,runtimeClasspath,testCompileClasspath,testRuntimeClasspath
com.squareup.wire:wire-runtime-jvm:4.4.3=testCompileClasspath,testImplementationDependenciesMetadata,testRuntimeClasspath
com.squareup.wire:wire-runtime:4.4.3=testCompileClasspath,testImplementationDependenciesMetadata,testRuntimeClasspath
com.squareup.wire:wire-schema-jvm:4.4.3=testCompileClasspath,testImplementationDependenciesMetadata,testRuntimeClasspath
com.squareup:javapoet:1.13.0=testCompileClasspath,testImplementationDependenciesMetadata,testRuntimeClasspath
com.squareup:kotlinpoet:1.12.0=testCompileClasspath,testImplementationDependenciesMetadata,testRuntimeClasspath
com.thoughtworks.paranamer:paranamer:2.8=testRuntimeClasspath
com.typesafe.scala-logging:scala-logging_2.13:3.9.4=testRuntimeClasspath
com.typesafe:config:1.4.2=compileClasspath,runtimeClasspath,testCompileClasspath,testRuntimeClasspath
com.yammer.metrics:metrics-core:2.2.0=testRuntimeClasspath
commons-cli:commons-cli:1.4=testRuntimeClasspath
commons-codec:commons-codec:1.11=testCompileClasspath,testRuntimeClasspath
commons-digester:commons-digester:2.1=testCompileClasspath,testImplementationDependenciesMetadata,testRuntimeClasspath
commons-logging:commons-logging:1.2=testCompileClasspath,testImplementationDependenciesMetadata,testRuntimeClasspath
commons-validator:commons-validator:1.7=testCompileClasspath,testImplementationDependenciesMetadata,testRuntimeClasspath
io.confluent:common-utils:7.3.1=compileClasspath,implementationDependenciesMetadata,runtimeClasspath,testCompileClasspath,testImplementationDependenciesMetadata,testRuntimeClasspath
io.confluent:kafka-avro-serializer:7.3.1=compileClasspath,implementationDependenciesMetadata,runtimeClasspath,testCompileClasspath,testImplementationDependenciesMetadata,testRuntimeClasspath
io.confluent:kafka-json-schema-provider:7.3.1=testCompileClasspath,testImplementationDependenciesMetadata,testRuntimeClasspath
io.confluent:kafka-protobuf-provider:7.3.1=testCompileClasspath,testImplementationDependenciesMetadata,testRuntimeClasspath
io.confluent:kafka-protobuf-types:7.3.1=testCompileClasspath,testImplementationDependenciesMetadata,testRuntimeClasspath
io.confluent:kafka-schema-registry-client:7.3.1=compileClasspath,implementationDependenciesMetadata,runtimeClasspath,testCompileClasspath,testImplementationDependenciesMetadata,testRuntimeClasspath
io.confluent:kafka-schema-registry:7.3.1=testCompileClasspath,testImplementationDependenciesMetadata,testRuntimeClasspath
io.confluent:kafka-schema-serializer:7.3.1=compileClasspath,implementationDependenciesMetadata,runtimeClasspath,testCompileClasspath,testImplementationDependenciesMetadata,testRuntimeClasspath
io.confluent:logredactor-metrics:1.0.10=compileClasspath,implementationDependenciesMetadata,runtimeClasspath,testCompileClasspath,testImplementationDependenciesMetadata,testRuntimeClasspath
io.confluent:logredactor:1.0.10=compileClasspath,implementationDependenciesMetadata,runtimeClasspath,testCompileClasspath,testImplementationDependenciesMetadata,testRuntimeClasspath
io.confluent:rest-utils:7.3.1=testCompileClasspath,testImplementationDependenciesMetadata,testRuntimeClasspath
io.dropwizard.metrics:metrics-core:4.1.12.1=testRuntimeClasspath
io.github.classgraph:classgraph:4.8.21=testCompileClasspath,testImplementationDependenciesMetadata,testRuntimeClasspath
io.ktor:ktor-client-apache-jvm:2.3.1=testCompileClasspath,testRuntimeClasspath
io.ktor:ktor-client-apache:2.3.1=testCompileClasspath,testRuntimeClasspath
io.ktor:ktor-client-auth-jvm:2.3.1=compileClasspath,runtimeClasspath,testCompileClasspath,testRuntimeClasspath
io.ktor:ktor-client-auth:2.3.1=compileClasspath,implementationDependenciesMetadata,runtimeClasspath,testCompileClasspath,testImplementationDependenciesMetadata,testRuntimeClasspath
io.ktor:ktor-client-cio-jvm:2.3.1=testCompileClasspath,testRuntimeClasspath
io.ktor:ktor-client-cio:2.3.1=testCompileClasspath,testImplementationDependenciesMetadata,testRuntimeClasspath
io.ktor:ktor-client-content-negotiation-jvm:2.3.1=compileClasspath,runtimeClasspath,testCompileClasspath,testRuntimeClasspath
io.ktor:ktor-client-content-negotiation:2.3.1=compileClasspath,implementationDependenciesMetadata,runtimeClasspath,testCompileClasspath,testImplementationDependenciesMetadata,testRuntimeClasspath
io.ktor:ktor-client-core-jvm:2.3.1=compileClasspath,runtimeClasspath,testCompileClasspath,testRuntimeClasspath
io.ktor:ktor-client-core:2.3.1=compileClasspath,implementationDependenciesMetadata,runtimeClasspath,testCompileClasspath,testImplementationDependenciesMetadata,testRuntimeClasspath
io.ktor:ktor-client-jackson-jvm:2.3.1=compileClasspath,runtimeClasspath,testCompileClasspath,testRuntimeClasspath
io.ktor:ktor-client-jackson:2.3.1=compileClasspath,implementationDependenciesMetadata,runtimeClasspath,testCompileClasspath,testImplementationDependenciesMetadata,testRuntimeClasspath
io.ktor:ktor-client-json-jvm:2.3.1=compileClasspath,runtimeClasspath,testCompileClasspath,testRuntimeClasspath
io.ktor:ktor-client-json:2.3.1=compileClasspath,runtimeClasspath,testCompileClasspath,testRuntimeClasspath
io.ktor:ktor-client-logging-jvm:2.3.1=compileClasspath,implementationDependenciesMetadata,runtimeClasspath,testCompileClasspath,testImplementationDependenciesMetadata,testRuntimeClasspath
io.ktor:ktor-client-mock-jvm:2.3.1=testCompileClasspath,testRuntimeClasspath
io.ktor:ktor-client-mock:2.3.1=testCompileClasspath,testImplementationDependenciesMetadata,testRuntimeClasspath
io.ktor:ktor-client-okhttp-jvm:2.3.1=compileClasspath,runtimeClasspath,testCompileClasspath,testRuntimeClasspath
io.ktor:ktor-client-okhttp:2.3.1=compileClasspath,implementationDependenciesMetadata,runtimeClasspath,testCompileClasspath,testImplementationDependenciesMetadata,testRuntimeClasspath
io.ktor:ktor-events-jvm:2.3.1=compileClasspath,runtimeClasspath,testCompileClasspath,testRuntimeClasspath
io.ktor:ktor-events:2.3.1=compileClasspath,implementationDependenciesMetadata,runtimeClasspath,testCompileClasspath,testImplementationDependenciesMetadata,testRuntimeClasspath
io.ktor:ktor-http-cio-jvm:2.3.1=compileClasspath,runtimeClasspath,testCompileClasspath,testRuntimeClasspath
io.ktor:ktor-http-cio:2.3.1=compileClasspath,implementationDependenciesMetadata,runtimeClasspath,testCompileClasspath,testImplementationDependenciesMetadata,testRuntimeClasspath
io.ktor:ktor-http-jvm:2.3.1=compileClasspath,runtimeClasspath,testCompileClasspath,testRuntimeClasspath
io.ktor:ktor-http:2.3.1=compileClasspath,implementationDependenciesMetadata,runtimeClasspath,testCompileClasspath,testImplementationDependenciesMetadata,testRuntimeClasspath
io.ktor:ktor-io-jvm:2.3.1=compileClasspath,runtimeClasspath,testCompileClasspath,testRuntimeClasspath
io.ktor:ktor-io:2.3.1=compileClasspath,implementationDependenciesMetadata,runtimeClasspath,testCompileClasspath,testImplementationDependenciesMetadata,testRuntimeClasspath
io.ktor:ktor-network-jvm:2.3.1=compileClasspath,runtimeClasspath,testCompileClasspath,testRuntimeClasspath
io.ktor:ktor-network-tls-certificates-jvm:2.3.1=testCompileClasspath,testRuntimeClasspath
io.ktor:ktor-network-tls-certificates:2.3.1=testCompileClasspath,testRuntimeClasspath
io.ktor:ktor-network-tls-jvm:2.3.1=testCompileClasspath,testRuntimeClasspath
io.ktor:ktor-network-tls:2.3.1=testCompileClasspath,testImplementationDependenciesMetadata,testRuntimeClasspath
io.ktor:ktor-network:2.3.1=compileClasspath,implementationDependenciesMetadata,runtimeClasspath,testCompileClasspath,testImplementationDependenciesMetadata,testRuntimeClasspath
io.ktor:ktor-serialization-jackson-jvm:2.3.1=compileClasspath,runtimeClasspath,testCompileClasspath,testRuntimeClasspath
io.ktor:ktor-serialization-jackson:2.3.1=compileClasspath,implementationDependenciesMetadata,runtimeClasspath,testCompileClasspath,testImplementationDependenciesMetadata,testRuntimeClasspath
io.ktor:ktor-serialization-jvm:2.3.1=compileClasspath,runtimeClasspath,testCompileClasspath,testRuntimeClasspath
io.ktor:ktor-serialization:2.3.1=compileClasspath,implementationDependenciesMetadata,runtimeClasspath,testCompileClasspath,testImplementationDependenciesMetadata,testRuntimeClasspath
io.ktor:ktor-server-auth-jvm:2.3.1=runtimeClasspath,testRuntimeClasspath
io.ktor:ktor-server-auth:2.3.1=runtimeClasspath,testRuntimeClasspath
io.ktor:ktor-server-auto-head-response-jvm:2.3.1=testCompileClasspath,testRuntimeClasspath
io.ktor:ktor-server-auto-head-response:2.3.1=testCompileClasspath,testImplementationDependenciesMetadata,testRuntimeClasspath
io.ktor:ktor-server-caching-headers-jvm:2.3.1=testCompileClasspath,testRuntimeClasspath
io.ktor:ktor-server-caching-headers:2.3.1=testCompileClasspath,testImplementationDependenciesMetadata,testRuntimeClasspath
io.ktor:ktor-server-call-id-jvm:2.3.1=runtimeClasspath,testCompileClasspath,testRuntimeClasspath
io.ktor:ktor-server-call-id:2.3.1=runtimeClasspath,testCompileClasspath,testImplementationDependenciesMetadata,testRuntimeClasspath
io.ktor:ktor-server-call-logging-jvm:2.3.1=compileClasspath,runtimeClasspath,testCompileClasspath,testRuntimeClasspath
io.ktor:ktor-server-call-logging:2.3.1=compileClasspath,implementationDependenciesMetadata,runtimeClasspath,testCompileClasspath,testImplementationDependenciesMetadata,testRuntimeClasspath
io.ktor:ktor-server-cio-jvm:2.3.1=compileClasspath,runtimeClasspath,testCompileClasspath,testRuntimeClasspath
io.ktor:ktor-server-cio:2.3.1=compileClasspath,implementationDependenciesMetadata,runtimeClasspath,testCompileClasspath,testImplementationDependenciesMetadata,testRuntimeClasspath
io.ktor:ktor-server-compression-jvm:2.3.1=testCompileClasspath,testRuntimeClasspath
io.ktor:ktor-server-compression:2.3.1=testCompileClasspath,testRuntimeClasspath
io.ktor:ktor-server-conditional-headers-jvm:2.3.1=testCompileClasspath,testRuntimeClasspath
io.ktor:ktor-server-conditional-headers:2.3.1=testCompileClasspath,testImplementationDependenciesMetadata,testRuntimeClasspath
io.ktor:ktor-server-content-negotiation-jvm:2.3.1=compileClasspath,runtimeClasspath,testCompileClasspath,testRuntimeClasspath
io.ktor:ktor-server-content-negotiation:2.3.1=compileClasspath,implementationDependenciesMetadata,runtimeClasspath,testCompileClasspath,testImplementationDependenciesMetadata,testRuntimeClasspath
io.ktor:ktor-server-core-jvm:2.3.1=compileClasspath,runtimeClasspath,testCompileClasspath,testRuntimeClasspath
io.ktor:ktor-server-core:2.3.1=compileClasspath,implementationDependenciesMetadata,runtimeClasspath,testCompileClasspath,testImplementationDependenciesMetadata,testRuntimeClasspath
io.ktor:ktor-server-cors-jvm:2.3.1=testCompileClasspath,testRuntimeClasspath
io.ktor:ktor-server-cors:2.3.1=testCompileClasspath,testImplementationDependenciesMetadata,testRuntimeClasspath
io.ktor:ktor-server-data-conversion-jvm:2.3.1=testCompileClasspath,testRuntimeClasspath
io.ktor:ktor-server-data-conversion:2.3.1=testCompileClasspath,testImplementationDependenciesMetadata,testRuntimeClasspath
io.ktor:ktor-server-default-headers-jvm:2.3.1=testCompileClasspath,testRuntimeClasspath
io.ktor:ktor-server-default-headers:2.3.1=testCompileClasspath,testRuntimeClasspath
io.ktor:ktor-server-double-receive-jvm:2.3.1=testCompileClasspath,testRuntimeClasspath
io.ktor:ktor-server-double-receive:2.3.1=testCompileClasspath,testImplementationDependenciesMetadata,testRuntimeClasspath
io.ktor:ktor-server-forwarded-header-jvm:2.3.1=testCompileClasspath,testRuntimeClasspath
io.ktor:ktor-server-forwarded-header:2.3.1=testCompileClasspath,testImplementationDependenciesMetadata,testRuntimeClasspath
io.ktor:ktor-server-host-common-jvm:2.3.1=compileClasspath,runtimeClasspath,testCompileClasspath,testRuntimeClasspath
io.ktor:ktor-server-host-common:2.3.1=compileClasspath,implementationDependenciesMetadata,runtimeClasspath,testCompileClasspath,testImplementationDependenciesMetadata,testRuntimeClasspath
io.ktor:ktor-server-hsts-jvm:2.3.1=testCompileClasspath,testRuntimeClasspath
io.ktor:ktor-server-hsts:2.3.1=testCompileClasspath,testImplementationDependenciesMetadata,testRuntimeClasspath
io.ktor:ktor-server-http-redirect-jvm:2.3.1=testCompileClasspath,testRuntimeClasspath
io.ktor:ktor-server-http-redirect:2.3.1=testCompileClasspath,testImplementationDependenciesMetadata,testRuntimeClasspath
io.ktor:ktor-server-jvm:2.3.1=testCompileClasspath,testRuntimeClasspath
io.ktor:ktor-server-method-override-jvm:2.3.1=testCompileClasspath,testRuntimeClasspath
io.ktor:ktor-server-method-override:2.3.1=testCompileClasspath,testImplementationDependenciesMetadata,testRuntimeClasspath
io.ktor:ktor-server-partial-content-jvm:2.3.1=testCompileClasspath,testRuntimeClasspath
io.ktor:ktor-server-partial-content:2.3.1=testCompileClasspath,testImplementationDependenciesMetadata,testRuntimeClasspath
io.ktor:ktor-server-rate-limit-jvm:2.3.1=testCompileClasspath,testRuntimeClasspath
io.ktor:ktor-server-rate-limit:2.3.1=testCompileClasspath,testImplementationDependenciesMetadata,testRuntimeClasspath
io.ktor:ktor-server-sessions-jvm:2.3.1=runtimeClasspath,testCompileClasspath,testRuntimeClasspath
io.ktor:ktor-server-sessions:2.3.1=runtimeClasspath,testCompileClasspath,testImplementationDependenciesMetadata,testRuntimeClasspath
io.ktor:ktor-server-status-pages-jvm:2.3.1=runtimeClasspath,testCompileClasspath,testRuntimeClasspath
io.ktor:ktor-server-status-pages:2.3.1=runtimeClasspath,testCompileClasspath,testImplementationDependenciesMetadata,testRuntimeClasspath
io.ktor:ktor-server-test-host-jvm:2.3.1=testCompileClasspath,testRuntimeClasspath
io.ktor:ktor-server-test-host:2.3.1=testCompileClasspath,testImplementationDependenciesMetadata,testRuntimeClasspath
io.ktor:ktor-server-tests-jvm:2.3.1=testCompileClasspath,testRuntimeClasspath
io.ktor:ktor-server-tests:2.3.1=testCompileClasspath,testImplementationDependenciesMetadata,testRuntimeClasspath
io.ktor:ktor-server-websockets-jvm:2.3.1=testCompileClasspath,testRuntimeClasspath
io.ktor:ktor-server-websockets:2.3.1=testCompileClasspath,testRuntimeClasspath
io.ktor:ktor-server:2.3.1=testCompileClasspath,testImplementationDependenciesMetadata,testRuntimeClasspath
io.ktor:ktor-test-dispatcher-jvm:2.3.1=testCompileClasspath,testRuntimeClasspath
io.ktor:ktor-test-dispatcher:2.3.1=testCompileClasspath,testImplementationDependenciesMetadata,testRuntimeClasspath
io.ktor:ktor-utils-jvm:2.3.1=compileClasspath,runtimeClasspath,testCompileClasspath,testRuntimeClasspath
io.ktor:ktor-utils:2.3.1=compileClasspath,implementationDependenciesMetadata,runtimeClasspath,testCompileClasspath,testImplementationDependenciesMetadata,testRuntimeClasspath
io.ktor:ktor-websocket-serialization-jvm:2.3.1=compileClasspath,runtimeClasspath,testCompileClasspath,testRuntimeClasspath
io.ktor:ktor-websocket-serialization:2.3.1=compileClasspath,implementationDependenciesMetadata,runtimeClasspath,testCompileClasspath,testImplementationDependenciesMetadata,testRuntimeClasspath
io.ktor:ktor-websockets-jvm:2.3.1=compileClasspath,runtimeClasspath,testCompileClasspath,testRuntimeClasspath
io.ktor:ktor-websockets:2.3.1=compileClasspath,implementationDependenciesMetadata,runtimeClasspath,testCompileClasspath,testImplementationDependenciesMetadata,testRuntimeClasspath
io.mockk:mockk-agent-api-jvm:1.13.4=testCompileClasspath,testRuntimeClasspath
io.mockk:mockk-agent-api:1.13.4=testCompileClasspath,testImplementationDependenciesMetadata,testRuntimeClasspath
io.mockk:mockk-agent-jvm:1.13.4=testCompileClasspath,testRuntimeClasspath
io.mockk:mockk-agent:1.13.4=testCompileClasspath,testImplementationDependenciesMetadata,testRuntimeClasspath
io.mockk:mockk-core-jvm:1.13.4=testCompileClasspath,testRuntimeClasspath
io.mockk:mockk-core:1.13.4=testCompileClasspath,testImplementationDependenciesMetadata,testRuntimeClasspath
io.mockk:mockk-dsl-jvm:1.13.4=testCompileClasspath,testRuntimeClasspath
io.mockk:mockk-dsl:1.13.4=testCompileClasspath,testImplementationDependenciesMetadata,testRuntimeClasspath
io.mockk:mockk-jvm:1.13.4=testCompileClasspath,testRuntimeClasspath
io.mockk:mockk:1.13.4=testCompileClasspath,testImplementationDependenciesMetadata,testRuntimeClasspath
io.netty:netty-buffer:4.1.79.Final=testCompileClasspath,testImplementationDependenciesMetadata,testRuntimeClasspath
io.netty:netty-codec:4.1.79.Final=testCompileClasspath,testImplementationDependenciesMetadata,testRuntimeClasspath
io.netty:netty-common:4.1.79.Final=testCompileClasspath,testImplementationDependenciesMetadata,testRuntimeClasspath
io.netty:netty-handler:4.1.63.Final=testCompileClasspath,testImplementationDependenciesMetadata,testRuntimeClasspath
io.netty:netty-resolver:4.1.79.Final=testCompileClasspath,testImplementationDependenciesMetadata,testRuntimeClasspath
io.netty:netty-transport-native-epoll:4.1.63.Final=testCompileClasspath,testImplementationDependenciesMetadata,testRuntimeClasspath
io.netty:netty-transport-native-unix-common:4.1.63.Final=testCompileClasspath,testImplementationDependenciesMetadata,testRuntimeClasspath
io.netty:netty-transport:4.1.79.Final=testCompileClasspath,testImplementationDependenciesMetadata,testRuntimeClasspath
io.projectreactor:reactor-core:3.4.1=testRuntimeClasspath
io.prometheus:simpleclient:0.16.0=runtimeClasspath,testRuntimeClasspath
io.prometheus:simpleclient_common:0.16.0=runtimeClasspath,testRuntimeClasspath
io.prometheus:simpleclient_hotspot:0.16.0=runtimeClasspath,testRuntimeClasspath
io.prometheus:simpleclient_tracer_common:0.16.0=runtimeClasspath,testRuntimeClasspath
io.prometheus:simpleclient_tracer_otel:0.16.0=runtimeClasspath,testRuntimeClasspath
io.prometheus:simpleclient_tracer_otel_agent:0.16.0=runtimeClasspath,testRuntimeClasspath
io.swagger.core.v3:swagger-annotations:2.1.10=compileClasspath,implementationDependenciesMetadata,runtimeClasspath,testCompileClasspath,testImplementationDependenciesMetadata,testRuntimeClasspath
io.swagger.core.v3:swagger-core:2.1.10=testCompileClasspath,testImplementationDependenciesMetadata,testRuntimeClasspath
io.swagger.core.v3:swagger-models:2.1.10=testCompileClasspath,testImplementationDependenciesMetadata,testRuntimeClasspath
jakarta.activation:jakarta.activation-api:1.2.2=testCompileClasspath,testImplementationDependenciesMetadata,testRuntimeClasspath
jakarta.annotation:jakarta.annotation-api:1.3.5=testCompileClasspath,testImplementationDependenciesMetadata,testRuntimeClasspath
jakarta.el:jakarta.el-api:3.0.3=testCompileClasspath,testImplementationDependenciesMetadata,testRuntimeClasspath
jakarta.validation:jakarta.validation-api:3.0.2=compileClasspath,implementationDependenciesMetadata,runtimeClasspath,testCompileClasspath,testImplementationDependenciesMetadata,testRuntimeClasspath
jakarta.ws.rs:jakarta.ws.rs-api:2.1.6=testCompileClasspath,testImplementationDependenciesMetadata,testRuntimeClasspath
jakarta.xml.bind:jakarta.xml.bind-api:2.3.3=testCompileClasspath,testImplementationDependenciesMetadata,testRuntimeClasspath
javax.activation:activation:1.1.1=testCompileClasspath,testImplementationDependenciesMetadata,testRuntimeClasspath
javax.annotation:javax.annotation-api:1.3.2=testCompileClasspath,testImplementationDependenciesMetadata,testRuntimeClasspath
javax.el:javax.el-api:3.0.0=testCompileClasspath,testImplementationDependenciesMetadata,testRuntimeClasspath
javax.servlet:javax.servlet-api:3.1.0=testCompileClasspath,testImplementationDependenciesMetadata,testRuntimeClasspath
javax.validation:validation-api:2.0.1.Final=testCompileClasspath,testImplementationDependenciesMetadata,testRuntimeClasspath
javax.websocket:javax.websocket-api:1.0=testCompileClasspath,testImplementationDependenciesMetadata,testRuntimeClasspath
javax.websocket:javax.websocket-client-api:1.0=testCompileClasspath,testImplementationDependenciesMetadata,testRuntimeClasspath
javax.xml.bind:jaxb-api:2.3.0=testCompileClasspath,testImplementationDependenciesMetadata,testRuntimeClasspath
joda-time:joda-time:2.10.14=testCompileClasspath,testImplementationDependenciesMetadata,testRuntimeClasspath
junit:junit:4.13.2=testCompileClasspath,testRuntimeClasspath
log4j:log4j:1.2.17=testCompileClasspath,testImplementationDependenciesMetadata,testRuntimeClasspath
net.bytebuddy:byte-buddy-agent:1.12.20=testCompileClasspath,testRuntimeClasspath
net.bytebuddy:byte-buddy:1.12.20=testCompileClasspath,testRuntimeClasspath
net.java.dev.jna:jna-platform:5.9.0=testRuntimeClasspath
net.java.dev.jna:jna:5.6.0=kotlinCompilerClasspath,kotlinKlibCommonizerClasspath
net.java.dev.jna:jna:5.9.0=testRuntimeClasspath
net.logstash.logback:logstash-logback-encoder:6.6=compileClasspath,implementationDependenciesMetadata,runtimeClasspath,testCompileClasspath,testImplementationDependenciesMetadata,testRuntimeClasspath
net.minidev:accessors-smart:2.4.9=compileClasspath,implementationDependenciesMetadata,runtimeClasspath,testCompileClasspath,testImplementationDependenciesMetadata,testRuntimeClasspath
net.minidev:json-smart:2.4.10=compileClasspath,implementationDependenciesMetadata,runtimeClasspath,testCompileClasspath,testImplementationDependenciesMetadata,testRuntimeClasspath
net.sf.jopt-simple:jopt-simple:5.0.4=testRuntimeClasspath
net.sourceforge.argparse4j:argparse4j:0.7.0=testRuntimeClasspath
no.nav.etterlatte:common:2023.03.28-16.21.c37f68b0da69=runtimeClasspath,testRuntimeClasspath
no.nav.security:token-client-core:3.1.0=compileClasspath,implementationDependenciesMetadata,runtimeClasspath,testCompileClasspath,testImplementationDependenciesMetadata,testRuntimeClasspath
no.nav.security:token-validation-core:3.1.0=runtimeClasspath,testRuntimeClasspath
no.nav.security:token-validation-ktor-v2:3.1.0=runtimeClasspath,testRuntimeClasspath
no.nav:kafka-embedded-env:3.2.2=testCompileClasspath,testImplementationDependenciesMetadata,testRuntimeClasspath
org.apache.avro:avro:1.11.1=compileClasspath,implementationDependenciesMetadata,runtimeClasspath,testCompileClasspath,testImplementationDependenciesMetadata,testRuntimeClasspath
org.apache.commons:commons-collections4:4.4=testCompileClasspath,testImplementationDependenciesMetadata,testRuntimeClasspath
org.apache.commons:commons-compress:1.21=compileClasspath,implementationDependenciesMetadata,runtimeClasspath,testCompileClasspath,testImplementationDependenciesMetadata,testRuntimeClasspath
org.apache.commons:commons-lang3:3.12.0=testCompileClasspath,testImplementationDependenciesMetadata,testRuntimeClasspath
org.apache.httpcomponents:httpasyncclient:4.1.5=testCompileClasspath,testRuntimeClasspath
org.apache.httpcomponents:httpclient:4.5.13=testCompileClasspath,testRuntimeClasspath
org.apache.httpcomponents:httpcore-nio:4.4.15=testCompileClasspath,testRuntimeClasspath
org.apache.httpcomponents:httpcore:4.4.15=testCompileClasspath,testRuntimeClasspath
org.apache.kafka:kafka-clients:7.3.1-ccs=compileClasspath,implementationDependenciesMetadata,runtimeClasspath,testCompileClasspath,testImplementationDependenciesMetadata,testRuntimeClasspath
org.apache.kafka:kafka-metadata:7.3.1-ccs=testRuntimeClasspath
org.apache.kafka:kafka-raft:7.3.1-ccs=testRuntimeClasspath
org.apache.kafka:kafka-server-common:7.3.1-ccs=testRuntimeClasspath
org.apache.kafka:kafka-storage-api:7.3.1-ccs=testRuntimeClasspath
org.apache.kafka:kafka-storage:7.3.1-ccs=testRuntimeClasspath
org.apache.kafka:kafka-streams:3.2.3=testCompileClasspath,testImplementationDependenciesMetadata,testRuntimeClasspath
org.apache.kafka:kafka_2.13:7.3.1-ccs=testCompileClasspath,testImplementationDependenciesMetadata,testRuntimeClasspath
org.apache.yetus:audience-annotations:0.5.0=testCompileClasspath,testImplementationDependenciesMetadata,testRuntimeClasspath
org.apache.zookeeper:zookeeper-jute:3.6.3=testCompileClasspath,testImplementationDependenciesMetadata,testRuntimeClasspath
org.apache.zookeeper:zookeeper:3.6.3=testCompileClasspath,testImplementationDependenciesMetadata,testRuntimeClasspath
org.apiguardian:apiguardian-api:1.1.2=testCompileClasspath,testImplementationDependenciesMetadata
org.bitbucket.b_c:jose4j:0.7.9=testRuntimeClasspath
org.checkerframework:checker-qual:3.33.0=compileClasspath,implementationDependenciesMetadata,runtimeClasspath,testCompileClasspath,testImplementationDependenciesMetadata,testRuntimeClasspath
org.eclipse.jetty.http2:http2-common:9.4.48.v20220622=testCompileClasspath,testImplementationDependenciesMetadata,testRuntimeClasspath
org.eclipse.jetty.http2:http2-hpack:9.4.48.v20220622=testCompileClasspath,testImplementationDependenciesMetadata,testRuntimeClasspath
org.eclipse.jetty.http2:http2-server:9.4.48.v20220622=testCompileClasspath,testImplementationDependenciesMetadata,testRuntimeClasspath
org.eclipse.jetty.websocket:javax-websocket-client-impl:9.4.48.v20220622=testCompileClasspath,testImplementationDependenciesMetadata,testRuntimeClasspath
org.eclipse.jetty.websocket:javax-websocket-server-impl:9.4.48.v20220622=testCompileClasspath,testImplementationDependenciesMetadata,testRuntimeClasspath
org.eclipse.jetty.websocket:websocket-api:9.4.48.v20220622=testCompileClasspath,testImplementationDependenciesMetadata,testRuntimeClasspath
org.eclipse.jetty.websocket:websocket-client:9.4.48.v20220622=testCompileClasspath,testImplementationDependenciesMetadata,testRuntimeClasspath
org.eclipse.jetty.websocket:websocket-common:9.4.48.v20220622=testCompileClasspath,testImplementationDependenciesMetadata,testRuntimeClasspath
org.eclipse.jetty.websocket:websocket-server:9.4.48.v20220622=testCompileClasspath,testImplementationDependenciesMetadata,testRuntimeClasspath
org.eclipse.jetty.websocket:websocket-servlet:9.4.48.v20220622=testCompileClasspath,testImplementationDependenciesMetadata,testRuntimeClasspath
org.eclipse.jetty:jetty-alpn-java-server:9.4.48.v20220622=testRuntimeClasspath
org.eclipse.jetty:jetty-alpn-server:9.4.48.v20220622=testCompileClasspath,testImplementationDependenciesMetadata,testRuntimeClasspath
org.eclipse.jetty:jetty-annotations:9.4.48.v20220622=testCompileClasspath,testImplementationDependenciesMetadata,testRuntimeClasspath
org.eclipse.jetty:jetty-client:9.4.48.v20220622=testCompileClasspath,testImplementationDependenciesMetadata,testRuntimeClasspath
org.eclipse.jetty:jetty-continuation:9.4.48.v20220622=testCompileClasspath,testImplementationDependenciesMetadata,testRuntimeClasspath
org.eclipse.jetty:jetty-http:9.4.48.v20220622=testCompileClasspath,testImplementationDependenciesMetadata,testRuntimeClasspath
org.eclipse.jetty:jetty-io:9.4.48.v20220622=testCompileClasspath,testImplementationDependenciesMetadata,testRuntimeClasspath
org.eclipse.jetty:jetty-jaas:9.4.48.v20220622=testCompileClasspath,testImplementationDependenciesMetadata,testRuntimeClasspath
org.eclipse.jetty:jetty-jmx:9.4.48.v20220622=testCompileClasspath,testImplementationDependenciesMetadata,testRuntimeClasspath
org.eclipse.jetty:jetty-jndi:9.4.48.v20220622=testCompileClasspath,testImplementationDependenciesMetadata,testRuntimeClasspath
org.eclipse.jetty:jetty-plus:9.4.48.v20220622=testCompileClasspath,testImplementationDependenciesMetadata,testRuntimeClasspath
org.eclipse.jetty:jetty-security:9.4.48.v20220622=testCompileClasspath,testImplementationDependenciesMetadata,testRuntimeClasspath
org.eclipse.jetty:jetty-server:9.4.48.v20220622=testCompileClasspath,testImplementationDependenciesMetadata,testRuntimeClasspath
org.eclipse.jetty:jetty-servlet:9.4.48.v20220622=testCompileClasspath,testImplementationDependenciesMetadata,testRuntimeClasspath
org.eclipse.jetty:jetty-servlets:9.4.48.v20220622=testCompileClasspath,testImplementationDependenciesMetadata,testRuntimeClasspath
org.eclipse.jetty:jetty-util-ajax:9.4.48.v20220622=testCompileClasspath,testImplementationDependenciesMetadata,testRuntimeClasspath
org.eclipse.jetty:jetty-util:9.4.48.v20220622=testCompileClasspath,testImplementationDependenciesMetadata,testRuntimeClasspath
org.eclipse.jetty:jetty-webapp:9.4.48.v20220622=testCompileClasspath,testImplementationDependenciesMetadata,testRuntimeClasspath
org.eclipse.jetty:jetty-xml:9.4.48.v20220622=testCompileClasspath,testImplementationDependenciesMetadata,testRuntimeClasspath
org.fusesource.jansi:jansi:2.4.0=runtimeClasspath,testRuntimeClasspath
org.glassfish.hk2.external:aopalliance-repackaged:2.6.1=testCompileClasspath,testImplementationDependenciesMetadata,testRuntimeClasspath
org.glassfish.hk2.external:jakarta.inject:2.6.1=testCompileClasspath,testImplementationDependenciesMetadata,testRuntimeClasspath
org.glassfish.hk2:hk2-api:2.6.1=testCompileClasspath,testImplementationDependenciesMetadata,testRuntimeClasspath
org.glassfish.hk2:hk2-locator:2.6.1=testCompileClasspath,testImplementationDependenciesMetadata,testRuntimeClasspath
org.glassfish.hk2:hk2-utils:2.6.1=testCompileClasspath,testImplementationDependenciesMetadata,testRuntimeClasspath
org.glassfish.hk2:osgi-resource-locator:1.0.3=testCompileClasspath,testImplementationDependenciesMetadata,testRuntimeClasspath
org.glassfish.jersey.containers:jersey-container-servlet-core:2.36=testCompileClasspath,testImplementationDependenciesMetadata,testRuntimeClasspath
org.glassfish.jersey.containers:jersey-container-servlet:2.36=testCompileClasspath,testImplementationDependenciesMetadata,testRuntimeClasspath
org.glassfish.jersey.core:jersey-client:2.36=testCompileClasspath,testImplementationDependenciesMetadata,testRuntimeClasspath
org.glassfish.jersey.core:jersey-common:2.36=testCompileClasspath,testImplementationDependenciesMetadata,testRuntimeClasspath
org.glassfish.jersey.core:jersey-server:2.36=testCompileClasspath,testImplementationDependenciesMetadata,testRuntimeClasspath
org.glassfish.jersey.ext:jersey-bean-validation:2.36=testCompileClasspath,testImplementationDependenciesMetadata,testRuntimeClasspath
org.glassfish.jersey.inject:jersey-hk2:2.36=testCompileClasspath,testImplementationDependenciesMetadata,testRuntimeClasspath
org.glassfish:jakarta.el:3.0.4=testCompileClasspath,testImplementationDependenciesMetadata,testRuntimeClasspath
org.hamcrest:hamcrest-core:1.3=testCompileClasspath,testRuntimeClasspath
org.hibernate.validator:hibernate-validator:6.1.7.Final=testCompileClasspath,testImplementationDependenciesMetadata,testRuntimeClasspath
org.javassist:javassist:3.25.0-GA=testCompileClasspath,testImplementationDependenciesMetadata,testRuntimeClasspath
org.jboss.logging:jboss-logging:3.3.2.Final=testCompileClasspath,testImplementationDependenciesMetadata,testRuntimeClasspath
org.jetbrains.intellij.deps:trove4j:1.0.20200330=kotlinCompilerClasspath,kotlinKlibCommonizerClasspath
org.jetbrains.kotlin:kotlin-compiler-embeddable:1.8.21=kotlinCompilerClasspath,kotlinKlibCommonizerClasspath
org.jetbrains.kotlin:kotlin-daemon-embeddable:1.8.21=kotlinCompilerClasspath,kotlinKlibCommonizerClasspath
org.jetbrains.kotlin:kotlin-klib-commonizer-embeddable:1.8.21=kotlinKlibCommonizerClasspath
org.jetbrains.kotlin:kotlin-reflect:1.6.10=kotlinCompilerClasspath,kotlinKlibCommonizerClasspath
org.jetbrains.kotlin:kotlin-reflect:1.8.21=compileClasspath,implementationDependenciesMetadata,runtimeClasspath,testCompileClasspath,testImplementationDependenciesMetadata,testRuntimeClasspath
org.jetbrains.kotlin:kotlin-script-runtime:1.6.0=testCompileClasspath,testImplementationDependenciesMetadata,testRuntimeClasspath
org.jetbrains.kotlin:kotlin-script-runtime:1.8.21=kotlinCompilerClasspath,kotlinCompilerPluginClasspathMain,kotlinCompilerPluginClasspathTest,kotlinKlibCommonizerClasspath
org.jetbrains.kotlin:kotlin-scripting-common:1.6.0=testCompileClasspath,testImplementationDependenciesMetadata,testRuntimeClasspath
org.jetbrains.kotlin:kotlin-scripting-common:1.8.21=kotlinCompilerPluginClasspathMain,kotlinCompilerPluginClasspathTest
org.jetbrains.kotlin:kotlin-scripting-compiler-embeddable:1.6.0=testCompileClasspath,testImplementationDependenciesMetadata,testRuntimeClasspath
org.jetbrains.kotlin:kotlin-scripting-compiler-embeddable:1.8.21=kotlinCompilerPluginClasspathMain,kotlinCompilerPluginClasspathTest
org.jetbrains.kotlin:kotlin-scripting-compiler-impl-embeddable:1.6.0=testRuntimeClasspath
org.jetbrains.kotlin:kotlin-scripting-compiler-impl-embeddable:1.8.21=kotlinCompilerPluginClasspathMain,kotlinCompilerPluginClasspathTest
org.jetbrains.kotlin:kotlin-scripting-jvm:1.6.0=testCompileClasspath,testImplementationDependenciesMetadata,testRuntimeClasspath
org.jetbrains.kotlin:kotlin-scripting-jvm:1.8.21=kotlinCompilerPluginClasspathMain,kotlinCompilerPluginClasspathTest
org.jetbrains.kotlin:kotlin-stdlib-common:1.8.21=compileClasspath,implementationDependenciesMetadata,kotlinCompilerClasspath,kotlinCompilerPluginClasspathMain,kotlinCompilerPluginClasspathTest,kotlinKlibCommonizerClasspath,runtimeClasspath,testCompileClasspath,testImplementationDependenciesMetadata,testRuntimeClasspath
org.jetbrains.kotlin:kotlin-stdlib-jdk7:1.8.21=compileClasspath,implementationDependenciesMetadata,runtimeClasspath,testCompileClasspath,testImplementationDependenciesMetadata,testRuntimeClasspath
org.jetbrains.kotlin:kotlin-stdlib-jdk8:1.8.21=compileClasspath,implementationDependenciesMetadata,runtimeClasspath,testCompileClasspath,testImplementationDependenciesMetadata,testRuntimeClasspath
org.jetbrains.kotlin:kotlin-stdlib:1.8.21=compileClasspath,implementationDependenciesMetadata,kotlinCompilerClasspath,kotlinCompilerPluginClasspathMain,kotlinCompilerPluginClasspathTest,kotlinKlibCommonizerClasspath,runtimeClasspath,testCompileClasspath,testImplementationDependenciesMetadata,testRuntimeClasspath
org.jetbrains.kotlinx:atomicfu:0.19.0=implementationDependenciesMetadata,testImplementationDependenciesMetadata
org.jetbrains.kotlinx:kotlinx-coroutines-bom:1.6.4=compileClasspath,implementationDependenciesMetadata,runtimeClasspath,testCompileClasspath,testImplementationDependenciesMetadata,testRuntimeClasspath
org.jetbrains.kotlinx:kotlinx-coroutines-core-jvm:1.6.4=compileClasspath,runtimeClasspath,testCompileClasspath,testRuntimeClasspath
org.jetbrains.kotlinx:kotlinx-coroutines-core:1.6.4=compileClasspath,implementationDependenciesMetadata,runtimeClasspath,testCompileClasspath,testImplementationDependenciesMetadata,testRuntimeClasspath
org.jetbrains.kotlinx:kotlinx-coroutines-debug:1.6.4=testRuntimeClasspath
org.jetbrains.kotlinx:kotlinx-coroutines-jdk8:1.6.4=compileClasspath,implementationDependenciesMetadata,runtimeClasspath,testCompileClasspath,testImplementationDependenciesMetadata,testRuntimeClasspath
org.jetbrains.kotlinx:kotlinx-coroutines-reactive:1.6.4=testRuntimeClasspath
org.jetbrains.kotlinx:kotlinx-coroutines-reactor:1.6.4=testRuntimeClasspath
org.jetbrains.kotlinx:kotlinx-coroutines-slf4j:1.6.4=runtimeClasspath,testRuntimeClasspath
org.jetbrains.kotlinx:kotlinx-serialization-bom:1.5.1=runtimeClasspath,testCompileClasspath,testRuntimeClasspath
org.jetbrains.kotlinx:kotlinx-serialization-core-jvm:1.5.1=runtimeClasspath,testCompileClasspath,testRuntimeClasspath
org.jetbrains.kotlinx:kotlinx-serialization-core:1.5.1=runtimeClasspath,testCompileClasspath,testImplementationDependenciesMetadata,testRuntimeClasspath
org.jetbrains.kotlinx:kotlinx-serialization-json-jvm:1.5.1=runtimeClasspath,testCompileClasspath,testRuntimeClasspath
org.jetbrains.kotlinx:kotlinx-serialization-json:1.5.1=runtimeClasspath,testCompileClasspath,testImplementationDependenciesMetadata,testRuntimeClasspath
org.jetbrains:annotations:13.0=compileClasspath,implementationDependenciesMetadata,kotlinCompilerClasspath,kotlinCompilerPluginClasspathMain,kotlinCompilerPluginClasspathTest,kotlinKlibCommonizerClasspath,runtimeClasspath,testCompileClasspath,testImplementationDependenciesMetadata,testRuntimeClasspath
org.json:json:20220320=testCompileClasspath,testImplementationDependenciesMetadata,testRuntimeClasspath
org.junit.jupiter:junit-jupiter-api:5.9.3=testCompileClasspath,testImplementationDependenciesMetadata,testRuntimeClasspath
org.junit.jupiter:junit-jupiter-engine:5.9.3=testCompileClasspath,testImplementationDependenciesMetadata,testRuntimeClasspath
org.junit.jupiter:junit-jupiter-params:5.9.3=testCompileClasspath,testImplementationDependenciesMetadata,testRuntimeClasspath
org.junit.jupiter:junit-jupiter:5.9.3=testRuntimeClasspath
org.junit.platform:junit-platform-commons:1.9.3=testCompileClasspath,testImplementationDependenciesMetadata,testRuntimeClasspath
org.junit.platform:junit-platform-engine:1.9.3=testCompileClasspath,testImplementationDependenciesMetadata,testRuntimeClasspath
org.junit:junit-bom:5.9.3=testCompileClasspath,testImplementationDependenciesMetadata,testRuntimeClasspath
org.lz4:lz4-java:1.8.0=runtimeClasspath,testRuntimeClasspath
org.objenesis:objenesis:3.3=testCompileClasspath,testRuntimeClasspath
org.opentest4j:opentest4j:1.2.0=testCompileClasspath,testImplementationDependenciesMetadata,testRuntimeClasspath
org.ow2.asm:asm-analysis:9.3=testCompileClasspath,testImplementationDependenciesMetadata,testRuntimeClasspath
org.ow2.asm:asm-commons:9.3=testCompileClasspath,testImplementationDependenciesMetadata,testRuntimeClasspath
org.ow2.asm:asm-tree:9.3=testCompileClasspath,testImplementationDependenciesMetadata,testRuntimeClasspath
org.ow2.asm:asm:9.3=compileClasspath,implementationDependenciesMetadata,runtimeClasspath,testCompileClasspath,testImplementationDependenciesMetadata,testRuntimeClasspath
org.reactivestreams:reactive-streams:1.0.3=testRuntimeClasspath
org.rocksdb:rocksdbjni:6.29.4.1=testCompileClasspath,testImplementationDependenciesMetadata,testRuntimeClasspath
org.scala-lang.modules:scala-collection-compat_2.13:2.6.0=testRuntimeClasspath
org.scala-lang.modules:scala-java8-compat_2.13:1.0.2=testRuntimeClasspath
org.scala-lang:scala-library:2.13.10=testCompileClasspath,testImplementationDependenciesMetadata,testRuntimeClasspath
org.scala-lang:scala-reflect:2.13.10=testRuntimeClasspath
org.slf4j:slf4j-api:2.0.7=compileClasspath,implementationDependenciesMetadata,runtimeClasspath,testCompileClasspath,testImplementationDependenciesMetadata,testRuntimeClasspath
org.slf4j:slf4j-reload4j:1.7.36=testCompileClasspath,testImplementationDependenciesMetadata,testRuntimeClasspath
org.xerial.snappy:snappy-java:1.1.8.4=runtimeClasspath,testRuntimeClasspath
org.yaml:snakeyaml:2.0=testCompileClasspath,testImplementationDependenciesMetadata,testRuntimeClasspath
empty=annotationProcessor,apiDependenciesMetadata,compileOnlyDependenciesMetadata,intransitiveDependenciesMetadata,kotlinCompilerPluginClasspath,kotlinNativeCompilerPluginClasspath,kotlinScriptDef,kotlinScriptDefExtensions,testAnnotationProcessor,testApiDependenciesMetadata,testCompileOnlyDependenciesMetadata,testIntransitiveDependenciesMetadata,testKotlinScriptDef,testKotlinScriptDefExtensions
