# This is a Gradle generated file for dependency locking.
# Manual edits can break the build and are not advised.
# This file is expected to be part of source control.
ch.qos.reload4j:reload4j:1.2.19=testCompileClasspath,testImplementationDependenciesMetadata,testRuntimeClasspath
com.damnhandy:handy-uri-templates:2.1.8=testCompileClasspath,testImplementationDependenciesMetadata,testRuntimeClasspath
com.eclipsesource.minimal-json:minimal-json:0.9.5=testCompileClasspath,testImplementationDependenciesMetadata,testRuntimeClasspath
com.fasterxml.jackson.core:jackson-annotations:2.15.2=apiDependenciesMetadata,compileClasspath,implementationDependenciesMetadata,runtimeClasspath,testCompileClasspath,testImplementationDependenciesMetadata,testRuntimeClasspath
com.fasterxml.jackson.core:jackson-core:2.15.2=apiDependenciesMetadata,compileClasspath,implementationDependenciesMetadata,runtimeClasspath,testCompileClasspath,testImplementationDependenciesMetadata,testRuntimeClasspath
com.fasterxml.jackson.core:jackson-databind:2.15.2=apiDependenciesMetadata,compileClasspath,implementationDependenciesMetadata,runtimeClasspath,testCompileClasspath,testImplementationDependenciesMetadata,testRuntimeClasspath
com.fasterxml.jackson.dataformat:jackson-dataformat-csv:2.15.2=testRuntimeClasspath
com.fasterxml.jackson.dataformat:jackson-dataformat-yaml:2.15.2=testCompileClasspath,testImplementationDependenciesMetadata,testRuntimeClasspath
com.fasterxml.jackson.datatype:jackson-datatype-guava:2.15.2=testCompileClasspath,testImplementationDependenciesMetadata,testRuntimeClasspath
com.fasterxml.jackson.datatype:jackson-datatype-jdk8:2.15.2=apiDependenciesMetadata,compileClasspath,implementationDependenciesMetadata,runtimeClasspath,testCompileClasspath,testImplementationDependenciesMetadata,testRuntimeClasspath
com.fasterxml.jackson.datatype:jackson-datatype-joda:2.15.2=testCompileClasspath,testImplementationDependenciesMetadata,testRuntimeClasspath
com.fasterxml.jackson.datatype:jackson-datatype-jsr310:2.15.2=apiDependenciesMetadata,compileClasspath,implementationDependenciesMetadata,runtimeClasspath,testCompileClasspath,testImplementationDependenciesMetadata,testRuntimeClasspath
com.fasterxml.jackson.jaxrs:jackson-jaxrs-base:2.15.2=testCompileClasspath,testImplementationDependenciesMetadata,testRuntimeClasspath
com.fasterxml.jackson.jaxrs:jackson-jaxrs-json-provider:2.15.2=testCompileClasspath,testImplementationDependenciesMetadata,testRuntimeClasspath
com.fasterxml.jackson.module:jackson-module-jaxb-annotations:2.15.2=testCompileClasspath,testImplementationDependenciesMetadata,testRuntimeClasspath
com.fasterxml.jackson.module:jackson-module-kotlin:2.15.2=apiDependenciesMetadata,compileClasspath,implementationDependenciesMetadata,runtimeClasspath,testCompileClasspath,testImplementationDependenciesMetadata,testRuntimeClasspath
com.fasterxml.jackson.module:jackson-module-parameter-names:2.15.2=testCompileClasspath,testImplementationDependenciesMetadata,testRuntimeClasspath
com.fasterxml.jackson.module:jackson-module-scala_2.13:2.15.2=testRuntimeClasspath
com.fasterxml.jackson:jackson-bom:2.15.2=apiDependenciesMetadata,compileClasspath,implementationDependenciesMetadata,runtimeClasspath,testCompileClasspath,testImplementationDependenciesMetadata,testRuntimeClasspath
com.fasterxml:classmate:1.3.4=testCompileClasspath,testImplementationDependenciesMetadata,testRuntimeClasspath
com.github.erosb:everit-json-schema:1.14.1=testCompileClasspath,testImplementationDependenciesMetadata,testRuntimeClasspath
com.github.luben:zstd-jni:1.5.2-1=runtimeClasspath,testRuntimeClasspath
com.google.api.grpc:proto-google-common-protos:2.5.1=testCompileClasspath,testImplementationDependenciesMetadata,testRuntimeClasspath
com.google.code.findbugs:jsr305:3.0.2=testCompileClasspath,testImplementationDependenciesMetadata,testRuntimeClasspath
com.google.code.gson:gson:2.8.9=testCompileClasspath,testImplementationDependenciesMetadata,testRuntimeClasspath
com.google.errorprone:error_prone_annotations:2.11.0=testCompileClasspath,testImplementationDependenciesMetadata,testRuntimeClasspath
com.google.guava:failureaccess:1.0.1=testCompileClasspath,testImplementationDependenciesMetadata,testRuntimeClasspath
com.google.guava:guava:31.1-jre=testCompileClasspath,testImplementationDependenciesMetadata,testRuntimeClasspath
com.google.guava:listenablefuture:9999.0-empty-to-avoid-conflict-with-guava=testCompileClasspath,testImplementationDependenciesMetadata,testRuntimeClasspath
com.google.j2objc:j2objc-annotations:1.3=testCompileClasspath,testImplementationDependenciesMetadata,testRuntimeClasspath
com.google.protobuf:protobuf-java-util:3.20.1=testCompileClasspath,testImplementationDependenciesMetadata,testRuntimeClasspath
com.google.protobuf:protobuf-java:3.20.1=testCompileClasspath,testImplementationDependenciesMetadata,testRuntimeClasspath
com.google.re2j:re2j:1.6=testCompileClasspath,testImplementationDependenciesMetadata,testRuntimeClasspath
com.kjetland:mbknor-jackson-jsonschema_2.13:1.0.39=testCompileClasspath,testImplementationDependenciesMetadata,testRuntimeClasspath
com.squareup.okio:okio-bom:3.0.0=testCompileClasspath,testImplementationDependenciesMetadata,testRuntimeClasspath
com.squareup.okio:okio-jvm:3.0.0=testCompileClasspath,testImplementationDependenciesMetadata,testRuntimeClasspath
com.squareup.okio:okio:3.0.0=testCompileClasspath,testImplementationDependenciesMetadata,testRuntimeClasspath
com.squareup.wire:wire-runtime-jvm:4.4.3=testCompileClasspath,testImplementationDependenciesMetadata,testRuntimeClasspath
com.squareup.wire:wire-runtime:4.4.3=testCompileClasspath,testImplementationDependenciesMetadata,testRuntimeClasspath
com.squareup.wire:wire-schema-jvm:4.4.3=testCompileClasspath,testImplementationDependenciesMetadata,testRuntimeClasspath
com.squareup:javapoet:1.13.0=testCompileClasspath,testImplementationDependenciesMetadata,testRuntimeClasspath
com.squareup:kotlinpoet:1.12.0=testCompileClasspath,testImplementationDependenciesMetadata,testRuntimeClasspath
com.thoughtworks.paranamer:paranamer:2.8=testRuntimeClasspath
com.typesafe.scala-logging:scala-logging_2.13:3.9.4=testRuntimeClasspath
com.yammer.metrics:metrics-core:2.2.0=testRuntimeClasspath
commons-cli:commons-cli:1.4=testRuntimeClasspath
commons-digester:commons-digester:2.1=testCompileClasspath,testImplementationDependenciesMetadata,testRuntimeClasspath
commons-logging:commons-logging:1.2=testCompileClasspath,testImplementationDependenciesMetadata,testRuntimeClasspath
commons-validator:commons-validator:1.7=testCompileClasspath,testImplementationDependenciesMetadata,testRuntimeClasspath
io.confluent:common-utils:7.3.1=testCompileClasspath,testImplementationDependenciesMetadata,testRuntimeClasspath
io.confluent:kafka-json-schema-provider:7.3.1=testCompileClasspath,testImplementationDependenciesMetadata,testRuntimeClasspath
io.confluent:kafka-protobuf-provider:7.3.1=testCompileClasspath,testImplementationDependenciesMetadata,testRuntimeClasspath
io.confluent:kafka-protobuf-types:7.3.1=testCompileClasspath,testImplementationDependenciesMetadata,testRuntimeClasspath
io.confluent:kafka-schema-registry-client:7.3.1=testCompileClasspath,testImplementationDependenciesMetadata,testRuntimeClasspath
io.confluent:kafka-schema-registry:7.3.1=testCompileClasspath,testImplementationDependenciesMetadata,testRuntimeClasspath
io.confluent:logredactor-metrics:1.0.10=testCompileClasspath,testImplementationDependenciesMetadata,testRuntimeClasspath
io.confluent:logredactor:1.0.10=testCompileClasspath,testImplementationDependenciesMetadata,testRuntimeClasspath
io.confluent:rest-utils:7.3.1=testCompileClasspath,testImplementationDependenciesMetadata,testRuntimeClasspath
io.dropwizard.metrics:metrics-core:4.1.12.1=testRuntimeClasspath
io.github.classgraph:classgraph:4.8.21=testCompileClasspath,testImplementationDependenciesMetadata,testRuntimeClasspath
io.github.java-diff-utils:java-diff-utils:4.12=testRuntimeClasspath
io.kotest:kotest-assertions-api-jvm:5.5.5=testCompileClasspath,testRuntimeClasspath
io.kotest:kotest-assertions-api:5.5.5=testCompileClasspath,testImplementationDependenciesMetadata,testRuntimeClasspath
io.kotest:kotest-assertions-core-jvm:5.5.5=testCompileClasspath,testRuntimeClasspath
io.kotest:kotest-assertions-core:5.5.5=testCompileClasspath,testImplementationDependenciesMetadata,testRuntimeClasspath
io.kotest:kotest-assertions-shared-jvm:5.5.5=testCompileClasspath,testRuntimeClasspath
io.kotest:kotest-assertions-shared:5.5.5=testCompileClasspath,testImplementationDependenciesMetadata,testRuntimeClasspath
io.kotest:kotest-common-jvm:5.5.5=testRuntimeClasspath
io.kotest:kotest-common:5.5.5=testImplementationDependenciesMetadata,testRuntimeClasspath
io.ktor:ktor-client-auth-jvm:2.1.1=runtimeClasspath,testRuntimeClasspath
io.ktor:ktor-client-auth:2.1.1=runtimeClasspath,testRuntimeClasspath
io.ktor:ktor-client-content-negotiation-jvm:2.1.1=runtimeClasspath,testRuntimeClasspath
io.ktor:ktor-client-content-negotiation:2.1.1=runtimeClasspath,testRuntimeClasspath
io.ktor:ktor-client-core-jvm:2.1.1=runtimeClasspath,testRuntimeClasspath
io.ktor:ktor-client-core:2.1.1=runtimeClasspath,testRuntimeClasspath
io.ktor:ktor-client-logging-jvm:2.1.1=runtimeClasspath,testRuntimeClasspath
io.ktor:ktor-events-jvm:2.1.1=runtimeClasspath,testRuntimeClasspath
io.ktor:ktor-events:2.1.1=runtimeClasspath,testRuntimeClasspath
io.ktor:ktor-http-jvm:2.1.1=runtimeClasspath,testRuntimeClasspath
io.ktor:ktor-http:2.1.1=runtimeClasspath,testRuntimeClasspath
io.ktor:ktor-io-jvm:2.1.1=runtimeClasspath,testRuntimeClasspath
io.ktor:ktor-io:2.1.1=runtimeClasspath,testRuntimeClasspath
io.ktor:ktor-serialization-jackson-jvm:2.1.1=runtimeClasspath,testRuntimeClasspath
io.ktor:ktor-serialization-jackson:2.1.1=runtimeClasspath,testRuntimeClasspath
io.ktor:ktor-serialization-jvm:2.1.1=runtimeClasspath,testRuntimeClasspath
io.ktor:ktor-serialization:2.1.1=runtimeClasspath,testRuntimeClasspath
io.ktor:ktor-utils-jvm:2.1.1=runtimeClasspath,testRuntimeClasspath
io.ktor:ktor-utils:2.1.1=runtimeClasspath,testRuntimeClasspath
io.ktor:ktor-websocket-serialization-jvm:2.1.1=runtimeClasspath,testRuntimeClasspath
io.ktor:ktor-websocket-serialization:2.1.1=runtimeClasspath,testRuntimeClasspath
io.ktor:ktor-websockets-jvm:2.1.1=runtimeClasspath,testRuntimeClasspath
io.ktor:ktor-websockets:2.1.1=runtimeClasspath,testRuntimeClasspath
io.netty:netty-buffer:4.1.79.Final=testCompileClasspath,testImplementationDependenciesMetadata,testRuntimeClasspath
io.netty:netty-codec:4.1.79.Final=testCompileClasspath,testImplementationDependenciesMetadata,testRuntimeClasspath
io.netty:netty-common:4.1.79.Final=testCompileClasspath,testImplementationDependenciesMetadata,testRuntimeClasspath
io.netty:netty-handler:4.1.63.Final=testCompileClasspath,testImplementationDependenciesMetadata,testRuntimeClasspath
io.netty:netty-resolver:4.1.79.Final=testCompileClasspath,testImplementationDependenciesMetadata,testRuntimeClasspath
io.netty:netty-transport-native-epoll:4.1.63.Final=testCompileClasspath,testImplementationDependenciesMetadata,testRuntimeClasspath
io.netty:netty-transport-native-unix-common:4.1.63.Final=testCompileClasspath,testImplementationDependenciesMetadata,testRuntimeClasspath
io.netty:netty-transport:4.1.79.Final=testCompileClasspath,testImplementationDependenciesMetadata,testRuntimeClasspath
io.projectreactor:reactor-core:3.4.1=testRuntimeClasspath
io.swagger.core.v3:swagger-annotations:2.1.10=testCompileClasspath,testImplementationDependenciesMetadata,testRuntimeClasspath
io.swagger.core.v3:swagger-core:2.1.10=testCompileClasspath,testImplementationDependenciesMetadata,testRuntimeClasspath
io.swagger.core.v3:swagger-models:2.1.10=testCompileClasspath,testImplementationDependenciesMetadata,testRuntimeClasspath
jakarta.activation:jakarta.activation-api:1.2.2=testCompileClasspath,testImplementationDependenciesMetadata,testRuntimeClasspath
jakarta.annotation:jakarta.annotation-api:1.3.5=testCompileClasspath,testImplementationDependenciesMetadata,testRuntimeClasspath
jakarta.el:jakarta.el-api:3.0.3=testCompileClasspath,testImplementationDependenciesMetadata,testRuntimeClasspath
jakarta.validation:jakarta.validation-api:2.0.2=testCompileClasspath,testImplementationDependenciesMetadata,testRuntimeClasspath
jakarta.ws.rs:jakarta.ws.rs-api:2.1.6=testCompileClasspath,testImplementationDependenciesMetadata,testRuntimeClasspath
jakarta.xml.bind:jakarta.xml.bind-api:2.3.3=testCompileClasspath,testImplementationDependenciesMetadata,testRuntimeClasspath
javax.activation:activation:1.1.1=testCompileClasspath,testImplementationDependenciesMetadata,testRuntimeClasspath
javax.annotation:javax.annotation-api:1.3.2=testCompileClasspath,testImplementationDependenciesMetadata,testRuntimeClasspath
javax.el:javax.el-api:3.0.0=testCompileClasspath,testImplementationDependenciesMetadata,testRuntimeClasspath
javax.servlet:javax.servlet-api:3.1.0=testCompileClasspath,testImplementationDependenciesMetadata,testRuntimeClasspath
javax.validation:validation-api:2.0.1.Final=testCompileClasspath,testImplementationDependenciesMetadata,testRuntimeClasspath
javax.websocket:javax.websocket-api:1.0=testCompileClasspath,testImplementationDependenciesMetadata,testRuntimeClasspath
javax.websocket:javax.websocket-client-api:1.0=testCompileClasspath,testImplementationDependenciesMetadata,testRuntimeClasspath
javax.xml.bind:jaxb-api:2.3.0=testCompileClasspath,testImplementationDependenciesMetadata,testRuntimeClasspath
joda-time:joda-time:2.10.14=testCompileClasspath,testImplementationDependenciesMetadata,testRuntimeClasspath
log4j:log4j:1.2.17=testCompileClasspath,testImplementationDependenciesMetadata,testRuntimeClasspath
net.java.dev.jna:jna:5.6.0=kotlinCompilerClasspath,kotlinKlibCommonizerClasspath
net.sf.jopt-simple:jopt-simple:5.0.4=testRuntimeClasspath
net.sourceforge.argparse4j:argparse4j:0.7.0=testRuntimeClasspath
no.nav.etterlatte:common:2023.03.28-16.21.c37f68b0da69=runtimeClasspath,testRuntimeClasspath
no.nav:kafka-embedded-env:3.2.2=testCompileClasspath,testImplementationDependenciesMetadata,testRuntimeClasspath
org.apache.avro:avro:1.11.0=testCompileClasspath,testImplementationDependenciesMetadata,testRuntimeClasspath
org.apache.commons:commons-collections4:4.4=testCompileClasspath,testImplementationDependenciesMetadata,testRuntimeClasspath
org.apache.commons:commons-compress:1.21=testCompileClasspath,testImplementationDependenciesMetadata,testRuntimeClasspath
org.apache.commons:commons-lang3:3.12.0=testCompileClasspath,testImplementationDependenciesMetadata,testRuntimeClasspath
org.apache.kafka:kafka-clients:3.4.0=compileClasspath,implementationDependenciesMetadata,runtimeClasspath
org.apache.kafka:kafka-clients:7.3.1-ccs=testCompileClasspath,testImplementationDependenciesMetadata,testRuntimeClasspath
org.apache.kafka:kafka-metadata:7.3.1-ccs=testRuntimeClasspath
org.apache.kafka:kafka-raft:7.3.1-ccs=testRuntimeClasspath
org.apache.kafka:kafka-server-common:7.3.1-ccs=testRuntimeClasspath
org.apache.kafka:kafka-storage-api:7.3.1-ccs=testRuntimeClasspath
org.apache.kafka:kafka-storage:7.3.1-ccs=testRuntimeClasspath
org.apache.kafka:kafka-streams:3.2.3=testCompileClasspath,testImplementationDependenciesMetadata,testRuntimeClasspath
org.apache.kafka:kafka_2.13:7.3.1-ccs=testCompileClasspath,testImplementationDependenciesMetadata,testRuntimeClasspath
org.apache.yetus:audience-annotations:0.5.0=testCompileClasspath,testImplementationDependenciesMetadata,testRuntimeClasspath
org.apache.zookeeper:zookeeper-jute:3.6.3=testCompileClasspath,testImplementationDependenciesMetadata,testRuntimeClasspath
org.apache.zookeeper:zookeeper:3.6.3=testCompileClasspath,testImplementationDependenciesMetadata,testRuntimeClasspath
org.apiguardian:apiguardian-api:1.1.2=testCompileClasspath,testImplementationDependenciesMetadata
org.bitbucket.b_c:jose4j:0.7.9=testRuntimeClasspath
org.checkerframework:checker-qual:3.12.0=testCompileClasspath,testImplementationDependenciesMetadata,testRuntimeClasspath
org.eclipse.jetty.http2:http2-common:9.4.48.v20220622=testCompileClasspath,testImplementationDependenciesMetadata,testRuntimeClasspath
org.eclipse.jetty.http2:http2-hpack:9.4.48.v20220622=testCompileClasspath,testImplementationDependenciesMetadata,testRuntimeClasspath
org.eclipse.jetty.http2:http2-server:9.4.48.v20220622=testCompileClasspath,testImplementationDependenciesMetadata,testRuntimeClasspath
org.eclipse.jetty.websocket:javax-websocket-client-impl:9.4.48.v20220622=testCompileClasspath,testImplementationDependenciesMetadata,testRuntimeClasspath
org.eclipse.jetty.websocket:javax-websocket-server-impl:9.4.48.v20220622=testCompileClasspath,testImplementationDependenciesMetadata,testRuntimeClasspath
org.eclipse.jetty.websocket:websocket-api:9.4.48.v20220622=testCompileClasspath,testImplementationDependenciesMetadata,testRuntimeClasspath
org.eclipse.jetty.websocket:websocket-client:9.4.48.v20220622=testCompileClasspath,testImplementationDependenciesMetadata,testRuntimeClasspath
org.eclipse.jetty.websocket:websocket-common:9.4.48.v20220622=testCompileClasspath,testImplementationDependenciesMetadata,testRuntimeClasspath
org.eclipse.jetty.websocket:websocket-server:9.4.48.v20220622=testCompileClasspath,testImplementationDependenciesMetadata,testRuntimeClasspath
org.eclipse.jetty.websocket:websocket-servlet:9.4.48.v20220622=testCompileClasspath,testImplementationDependenciesMetadata,testRuntimeClasspath
org.eclipse.jetty:jetty-alpn-java-server:9.4.48.v20220622=testRuntimeClasspath
org.eclipse.jetty:jetty-alpn-server:9.4.48.v20220622=testCompileClasspath,testImplementationDependenciesMetadata,testRuntimeClasspath
org.eclipse.jetty:jetty-annotations:9.4.48.v20220622=testCompileClasspath,testImplementationDependenciesMetadata,testRuntimeClasspath
org.eclipse.jetty:jetty-client:9.4.48.v20220622=testCompileClasspath,testImplementationDependenciesMetadata,testRuntimeClasspath
org.eclipse.jetty:jetty-continuation:9.4.48.v20220622=testCompileClasspath,testImplementationDependenciesMetadata,testRuntimeClasspath
org.eclipse.jetty:jetty-http:9.4.48.v20220622=testCompileClasspath,testImplementationDependenciesMetadata,testRuntimeClasspath
org.eclipse.jetty:jetty-io:9.4.48.v20220622=testCompileClasspath,testImplementationDependenciesMetadata,testRuntimeClasspath
org.eclipse.jetty:jetty-jaas:9.4.48.v20220622=testCompileClasspath,testImplementationDependenciesMetadata,testRuntimeClasspath
org.eclipse.jetty:jetty-jmx:9.4.48.v20220622=testCompileClasspath,testImplementationDependenciesMetadata,testRuntimeClasspath
org.eclipse.jetty:jetty-jndi:9.4.48.v20220622=testCompileClasspath,testImplementationDependenciesMetadata,testRuntimeClasspath
org.eclipse.jetty:jetty-plus:9.4.48.v20220622=testCompileClasspath,testImplementationDependenciesMetadata,testRuntimeClasspath
org.eclipse.jetty:jetty-security:9.4.48.v20220622=testCompileClasspath,testImplementationDependenciesMetadata,testRuntimeClasspath
org.eclipse.jetty:jetty-server:9.4.48.v20220622=testCompileClasspath,testImplementationDependenciesMetadata,testRuntimeClasspath
org.eclipse.jetty:jetty-servlet:9.4.48.v20220622=testCompileClasspath,testImplementationDependenciesMetadata,testRuntimeClasspath
org.eclipse.jetty:jetty-servlets:9.4.48.v20220622=testCompileClasspath,testImplementationDependenciesMetadata,testRuntimeClasspath
org.eclipse.jetty:jetty-util-ajax:9.4.48.v20220622=testCompileClasspath,testImplementationDependenciesMetadata,testRuntimeClasspath
org.eclipse.jetty:jetty-util:9.4.48.v20220622=testCompileClasspath,testImplementationDependenciesMetadata,testRuntimeClasspath
org.eclipse.jetty:jetty-webapp:9.4.48.v20220622=testCompileClasspath,testImplementationDependenciesMetadata,testRuntimeClasspath
org.eclipse.jetty:jetty-xml:9.4.48.v20220622=testCompileClasspath,testImplementationDependenciesMetadata,testRuntimeClasspath
org.glassfish.hk2.external:aopalliance-repackaged:2.6.1=testCompileClasspath,testImplementationDependenciesMetadata,testRuntimeClasspath
org.glassfish.hk2.external:jakarta.inject:2.6.1=testCompileClasspath,testImplementationDependenciesMetadata,testRuntimeClasspath
org.glassfish.hk2:hk2-api:2.6.1=testCompileClasspath,testImplementationDependenciesMetadata,testRuntimeClasspath
org.glassfish.hk2:hk2-locator:2.6.1=testCompileClasspath,testImplementationDependenciesMetadata,testRuntimeClasspath
org.glassfish.hk2:hk2-utils:2.6.1=testCompileClasspath,testImplementationDependenciesMetadata,testRuntimeClasspath
org.glassfish.hk2:osgi-resource-locator:1.0.3=testCompileClasspath,testImplementationDependenciesMetadata,testRuntimeClasspath
org.glassfish.jersey.containers:jersey-container-servlet-core:2.36=testCompileClasspath,testImplementationDependenciesMetadata,testRuntimeClasspath
org.glassfish.jersey.containers:jersey-container-servlet:2.36=testCompileClasspath,testImplementationDependenciesMetadata,testRuntimeClasspath
org.glassfish.jersey.core:jersey-client:2.36=testCompileClasspath,testImplementationDependenciesMetadata,testRuntimeClasspath
org.glassfish.jersey.core:jersey-common:2.36=testCompileClasspath,testImplementationDependenciesMetadata,testRuntimeClasspath
org.glassfish.jersey.core:jersey-server:2.36=testCompileClasspath,testImplementationDependenciesMetadata,testRuntimeClasspath
org.glassfish.jersey.ext:jersey-bean-validation:2.36=testCompileClasspath,testImplementationDependenciesMetadata,testRuntimeClasspath
org.glassfish.jersey.inject:jersey-hk2:2.36=testCompileClasspath,testImplementationDependenciesMetadata,testRuntimeClasspath
org.glassfish:jakarta.el:3.0.4=testCompileClasspath,testImplementationDependenciesMetadata,testRuntimeClasspath
org.hibernate.validator:hibernate-validator:6.1.7.Final=testCompileClasspath,testImplementationDependenciesMetadata,testRuntimeClasspath
org.javassist:javassist:3.25.0-GA=testCompileClasspath,testImplementationDependenciesMetadata,testRuntimeClasspath
org.jboss.logging:jboss-logging:3.3.2.Final=testCompileClasspath,testImplementationDependenciesMetadata,testRuntimeClasspath
org.jetbrains.intellij.deps:trove4j:1.0.20200330=kotlinCompilerClasspath,kotlinKlibCommonizerClasspath
org.jetbrains.kotlin:kotlin-compiler-embeddable:1.8.21=kotlinCompilerClasspath,kotlinKlibCommonizerClasspath
org.jetbrains.kotlin:kotlin-daemon-embeddable:1.8.21=kotlinCompilerClasspath,kotlinKlibCommonizerClasspath
org.jetbrains.kotlin:kotlin-klib-commonizer-embeddable:1.8.21=kotlinKlibCommonizerClasspath
org.jetbrains.kotlin:kotlin-reflect:1.6.10=kotlinCompilerClasspath,kotlinKlibCommonizerClasspath
org.jetbrains.kotlin:kotlin-reflect:1.8.21=apiDependenciesMetadata,compileClasspath,implementationDependenciesMetadata,runtimeClasspath,testCompileClasspath,testImplementationDependenciesMetadata,testRuntimeClasspath
org.jetbrains.kotlin:kotlin-script-runtime:1.6.0=testCompileClasspath,testImplementationDependenciesMetadata,testRuntimeClasspath
org.jetbrains.kotlin:kotlin-script-runtime:1.8.21=kotlinCompilerClasspath,kotlinCompilerPluginClasspathMain,kotlinCompilerPluginClasspathTest,kotlinKlibCommonizerClasspath
org.jetbrains.kotlin:kotlin-scripting-common:1.6.0=testCompileClasspath,testImplementationDependenciesMetadata,testRuntimeClasspath
org.jetbrains.kotlin:kotlin-scripting-common:1.8.21=kotlinCompilerPluginClasspathMain,kotlinCompilerPluginClasspathTest
org.jetbrains.kotlin:kotlin-scripting-compiler-embeddable:1.6.0=testCompileClasspath,testImplementationDependenciesMetadata,testRuntimeClasspath
org.jetbrains.kotlin:kotlin-scripting-compiler-embeddable:1.8.21=kotlinCompilerPluginClasspathMain,kotlinCompilerPluginClasspathTest
org.jetbrains.kotlin:kotlin-scripting-compiler-impl-embeddable:1.6.0=testRuntimeClasspath
org.jetbrains.kotlin:kotlin-scripting-compiler-impl-embeddable:1.8.21=kotlinCompilerPluginClasspathMain,kotlinCompilerPluginClasspathTest
org.jetbrains.kotlin:kotlin-scripting-jvm:1.6.0=testCompileClasspath,testImplementationDependenciesMetadata,testRuntimeClasspath
org.jetbrains.kotlin:kotlin-scripting-jvm:1.8.21=kotlinCompilerPluginClasspathMain,kotlinCompilerPluginClasspathTest
org.jetbrains.kotlin:kotlin-stdlib-common:1.8.21=apiDependenciesMetadata,compileClasspath,implementationDependenciesMetadata,kotlinCompilerClasspath,kotlinCompilerPluginClasspathMain,kotlinCompilerPluginClasspathTest,kotlinKlibCommonizerClasspath,runtimeClasspath,testCompileClasspath,testImplementationDependenciesMetadata,testRuntimeClasspath
org.jetbrains.kotlin:kotlin-stdlib-jdk7:1.8.21=runtimeClasspath,testCompileClasspath,testImplementationDependenciesMetadata,testRuntimeClasspath
org.jetbrains.kotlin:kotlin-stdlib-jdk8:1.8.21=runtimeClasspath,testCompileClasspath,testImplementationDependenciesMetadata,testRuntimeClasspath
org.jetbrains.kotlin:kotlin-stdlib:1.8.21=apiDependenciesMetadata,compileClasspath,implementationDependenciesMetadata,kotlinCompilerClasspath,kotlinCompilerPluginClasspathMain,kotlinCompilerPluginClasspathTest,kotlinKlibCommonizerClasspath,runtimeClasspath,testCompileClasspath,testImplementationDependenciesMetadata,testRuntimeClasspath
org.jetbrains.kotlinx:atomicfu:0.17.3=testImplementationDependenciesMetadata
org.jetbrains.kotlinx:kotlinx-coroutines-bom:1.6.4=runtimeClasspath,testRuntimeClasspath
org.jetbrains.kotlinx:kotlinx-coroutines-core-jvm:1.6.4=runtimeClasspath,testRuntimeClasspath
org.jetbrains.kotlinx:kotlinx-coroutines-core:1.6.4=runtimeClasspath,testImplementationDependenciesMetadata,testRuntimeClasspath
org.jetbrains.kotlinx:kotlinx-coroutines-jdk8:1.6.4=runtimeClasspath,testRuntimeClasspath
org.jetbrains.kotlinx:kotlinx-coroutines-reactive:1.6.4=testRuntimeClasspath
org.jetbrains.kotlinx:kotlinx-coroutines-reactor:1.6.4=testRuntimeClasspath
org.jetbrains.kotlinx:kotlinx-coroutines-slf4j:1.6.4=runtimeClasspath,testRuntimeClasspath
org.jetbrains:annotations:13.0=apiDependenciesMetadata,compileClasspath,implementationDependenciesMetadata,kotlinCompilerClasspath,kotlinCompilerPluginClasspathMain,kotlinCompilerPluginClasspathTest,kotlinKlibCommonizerClasspath,runtimeClasspath,testCompileClasspath,testImplementationDependenciesMetadata,testRuntimeClasspath
org.json:json:20220320=testCompileClasspath,testImplementationDependenciesMetadata,testRuntimeClasspath
org.junit.jupiter:junit-jupiter-api:5.9.3=testCompileClasspath,testImplementationDependenciesMetadata,testRuntimeClasspath
org.junit.jupiter:junit-jupiter-engine:5.9.3=testRuntimeClasspath
org.junit.jupiter:junit-jupiter-params:5.9.3=testCompileClasspath,testImplementationDependenciesMetadata,testRuntimeClasspath
org.junit.platform:junit-platform-commons:1.9.3=testCompileClasspath,testImplementationDependenciesMetadata,testRuntimeClasspath
org.junit.platform:junit-platform-engine:1.9.3=testRuntimeClasspath
org.junit:junit-bom:5.9.3=testCompileClasspath,testImplementationDependenciesMetadata,testRuntimeClasspath
org.lz4:lz4-java:1.8.0=runtimeClasspath,testRuntimeClasspath
org.opentest4j:opentest4j:1.2.0=testCompileClasspath,testImplementationDependenciesMetadata,testRuntimeClasspath
org.ow2.asm:asm-analysis:9.3=testCompileClasspath,testImplementationDependenciesMetadata,testRuntimeClasspath
org.ow2.asm:asm-commons:9.3=testCompileClasspath,testImplementationDependenciesMetadata,testRuntimeClasspath
org.ow2.asm:asm-tree:9.3=testCompileClasspath,testImplementationDependenciesMetadata,testRuntimeClasspath
org.ow2.asm:asm:9.3=testCompileClasspath,testImplementationDependenciesMetadata,testRuntimeClasspath
org.reactivestreams:reactive-streams:1.0.3=testRuntimeClasspath
org.rocksdb:rocksdbjni:6.29.4.1=testCompileClasspath,testImplementationDependenciesMetadata,testRuntimeClasspath
org.scala-lang.modules:scala-collection-compat_2.13:2.6.0=testRuntimeClasspath
org.scala-lang.modules:scala-java8-compat_2.13:1.0.2=testRuntimeClasspath
org.scala-lang:scala-library:2.13.10=testCompileClasspath,testImplementationDependenciesMetadata,testRuntimeClasspath
org.scala-lang:scala-reflect:2.13.10=testRuntimeClasspath
org.slf4j:slf4j-api:1.7.36=runtimeClasspath,testImplementationDependenciesMetadata,testRuntimeClasspath
org.slf4j:slf4j-api:2.0.7=compileClasspath,compileOnlyDependenciesMetadata,testCompileClasspath
org.slf4j:slf4j-reload4j:1.7.36=testCompileClasspath,testImplementationDependenciesMetadata,testRuntimeClasspath
org.xerial.snappy:snappy-java:1.1.8.4=runtimeClasspath,testRuntimeClasspath
org.yaml:snakeyaml:2.0=testCompileClasspath,testImplementationDependenciesMetadata,testRuntimeClasspath
empty=annotationProcessor,intransitiveDependenciesMetadata,kotlinCompilerPluginClasspath,kotlinNativeCompilerPluginClasspath,kotlinScriptDef,kotlinScriptDefExtensions,testAnnotationProcessor,testApiDependenciesMetadata,testCompileOnlyDependenciesMetadata,testIntransitiveDependenciesMetadata,testKotlinScriptDef,testKotlinScriptDefExtensions
