# This is a Gradle generated file for dependency locking.
# Manual edits can break the build and are not advised.
# This file is expected to be part of source control.
ch.qos.logback:logback-classic:1.4.7=compileClasspath,implementationDependenciesMetadata,runtimeClasspath,testCompileClasspath,testImplementationDependenciesMetadata,testRuntimeClasspath
ch.qos.logback:logback-core:1.4.7=compileClasspath,implementationDependenciesMetadata,runtimeClasspath,testCompileClasspath,testImplementationDependenciesMetadata,testRuntimeClasspath
com.fasterxml.jackson.core:jackson-annotations:2.15.2=compileClasspath,implementationDependenciesMetadata,runtimeClasspath,testCompileClasspath,testImplementationDependenciesMetadata,testRuntimeClasspath
com.fasterxml.jackson.core:jackson-core:2.15.2=compileClasspath,implementationDependenciesMetadata,runtimeClasspath,testCompileClasspath,testImplementationDependenciesMetadata,testRuntimeClasspath
com.fasterxml.jackson.core:jackson-databind:2.15.2=compileClasspath,implementationDependenciesMetadata,runtimeClasspath,testCompileClasspath,testImplementationDependenciesMetadata,testRuntimeClasspath
com.fasterxml.jackson.datatype:jackson-datatype-jdk8:2.15.2=compileClasspath,implementationDependenciesMetadata,runtimeClasspath,testCompileClasspath,testImplementationDependenciesMetadata,testRuntimeClasspath
com.fasterxml.jackson.datatype:jackson-datatype-jsr310:2.15.2=compileClasspath,implementationDependenciesMetadata,runtimeClasspath,testCompileClasspath,testImplementationDependenciesMetadata,testRuntimeClasspath
com.fasterxml.jackson.module:jackson-module-kotlin:2.15.2=compileClasspath,implementationDependenciesMetadata,runtimeClasspath,testCompileClasspath,testImplementationDependenciesMetadata,testRuntimeClasspath
com.fasterxml.jackson:jackson-bom:2.15.2=compileClasspath,implementationDependenciesMetadata,runtimeClasspath,testCompileClasspath,testImplementationDependenciesMetadata,testRuntimeClasspath
com.github.ben-manes.caffeine:caffeine:3.1.6=compileClasspath,implementationDependenciesMetadata,runtimeClasspath,testCompileClasspath,testImplementationDependenciesMetadata,testRuntimeClasspath
com.github.docker-java:docker-java-api:3.3.0=testCompileClasspath,testImplementationDependenciesMetadata,testRuntimeClasspath
com.github.docker-java:docker-java-transport-zerodep:3.3.0=testCompileClasspath,testImplementationDependenciesMetadata,testRuntimeClasspath
com.github.docker-java:docker-java-transport:3.3.0=testCompileClasspath,testImplementationDependenciesMetadata,testRuntimeClasspath
com.github.luben:zstd-jni:1.5.2-1=runtimeClasspath,testRuntimeClasspath
com.github.navikt:rapids-and-rivers:2023041310341681374880.67ced5ad4dda=compileClasspath,implementationDependenciesMetadata,runtimeClasspath,testCompileClasspath,testImplementationDependenciesMetadata,testRuntimeClasspath
com.github.seratch:kotliquery:1.9.0=runtimeClasspath,testRuntimeClasspath
com.github.stephenc.jcip:jcip-annotations:1.0-1=compileClasspath,implementationDependenciesMetadata,runtimeClasspath,testCompileClasspath,testImplementationDependenciesMetadata,testRuntimeClasspath
com.google.code.gson:gson:2.10.1=compileClasspath,implementationDependenciesMetadata,runtimeClasspath,testCompileClasspath,testImplementationDependenciesMetadata,testRuntimeClasspath
com.google.errorprone:error_prone_annotations:2.18.0=compileClasspath,implementationDependenciesMetadata,runtimeClasspath,testCompileClasspath,testImplementationDependenciesMetadata,testRuntimeClasspath
com.nimbusds:content-type:2.2=compileClasspath,implementationDependenciesMetadata,runtimeClasspath,testCompileClasspath,testImplementationDependenciesMetadata,testRuntimeClasspath
com.nimbusds:lang-tag:1.7=compileClasspath,implementationDependenciesMetadata,runtimeClasspath,testCompileClasspath,testImplementationDependenciesMetadata,testRuntimeClasspath
com.nimbusds:nimbus-jose-jwt:9.31=compileClasspath,implementationDependenciesMetadata,runtimeClasspath,testCompileClasspath,testImplementationDependenciesMetadata,testRuntimeClasspath
com.nimbusds:oauth2-oidc-sdk:10.9.1=compileClasspath,implementationDependenciesMetadata,runtimeClasspath,testCompileClasspath,testImplementationDependenciesMetadata,testRuntimeClasspath
com.squareup.okhttp3:okhttp:4.11.0=compileClasspath,runtimeClasspath,testCompileClasspath,testRuntimeClasspath
com.squareup.okio:okio-jvm:3.2.0=compileClasspath,runtimeClasspath,testCompileClasspath,testRuntimeClasspath
com.squareup.okio:okio:3.2.0=compileClasspath,runtimeClasspath,testCompileClasspath,testRuntimeClasspath
com.typesafe:config:1.4.2=compileClasspath,runtimeClasspath,testCompileClasspath,testRuntimeClasspath
com.zaxxer:HikariCP:5.0.0=compileClasspath,implementationDependenciesMetadata,runtimeClasspath,testCompileClasspath,testImplementationDependenciesMetadata,testRuntimeClasspath
io.ktor:ktor-client-auth-jvm:2.3.1=compileClasspath,runtimeClasspath,testCompileClasspath,testRuntimeClasspath
io.ktor:ktor-client-auth:2.3.1=compileClasspath,implementationDependenciesMetadata,runtimeClasspath,testCompileClasspath,testImplementationDependenciesMetadata,testRuntimeClasspath
io.ktor:ktor-client-content-negotiation-jvm:2.3.1=compileClasspath,runtimeClasspath,testCompileClasspath,testRuntimeClasspath
io.ktor:ktor-client-content-negotiation:2.3.1=compileClasspath,implementationDependenciesMetadata,runtimeClasspath,testCompileClasspath,testImplementationDependenciesMetadata,testRuntimeClasspath
io.ktor:ktor-client-core-jvm:2.3.1=compileClasspath,runtimeClasspath,testCompileClasspath,testRuntimeClasspath
io.ktor:ktor-client-core:2.3.1=compileClasspath,implementationDependenciesMetadata,runtimeClasspath,testCompileClasspath,testImplementationDependenciesMetadata,testRuntimeClasspath
io.ktor:ktor-client-jackson-jvm:2.3.1=compileClasspath,runtimeClasspath,testCompileClasspath,testRuntimeClasspath
io.ktor:ktor-client-jackson:2.3.1=compileClasspath,implementationDependenciesMetadata,runtimeClasspath,testCompileClasspath,testImplementationDependenciesMetadata,testRuntimeClasspath
io.ktor:ktor-client-json-jvm:2.3.1=compileClasspath,runtimeClasspath,testCompileClasspath,testRuntimeClasspath
io.ktor:ktor-client-json:2.3.1=compileClasspath,runtimeClasspath,testCompileClasspath,testRuntimeClasspath
io.ktor:ktor-client-logging-jvm:2.3.1=compileClasspath,implementationDependenciesMetadata,runtimeClasspath,testCompileClasspath,testImplementationDependenciesMetadata,testRuntimeClasspath
io.ktor:ktor-client-mock-jvm:2.3.1=testCompileClasspath,testRuntimeClasspath
io.ktor:ktor-client-mock:2.3.1=testCompileClasspath,testImplementationDependenciesMetadata,testRuntimeClasspath
io.ktor:ktor-client-okhttp-jvm:2.3.1=compileClasspath,runtimeClasspath,testCompileClasspath,testRuntimeClasspath
io.ktor:ktor-client-okhttp:2.3.1=compileClasspath,implementationDependenciesMetadata,runtimeClasspath,testCompileClasspath,testImplementationDependenciesMetadata,testRuntimeClasspath
io.ktor:ktor-events-jvm:2.3.1=compileClasspath,runtimeClasspath,testCompileClasspath,testRuntimeClasspath
io.ktor:ktor-events:2.3.1=compileClasspath,implementationDependenciesMetadata,runtimeClasspath,testCompileClasspath,testImplementationDependenciesMetadata,testRuntimeClasspath
io.ktor:ktor-http-cio-jvm:2.2.3=compileClasspath,testCompileClasspath
io.ktor:ktor-http-cio-jvm:2.3.1=runtimeClasspath,testRuntimeClasspath
io.ktor:ktor-http-cio:2.2.3=compileClasspath,implementationDependenciesMetadata,testCompileClasspath,testImplementationDependenciesMetadata
io.ktor:ktor-http-cio:2.3.1=runtimeClasspath,testRuntimeClasspath
io.ktor:ktor-http-jvm:2.3.1=compileClasspath,runtimeClasspath,testCompileClasspath,testRuntimeClasspath
io.ktor:ktor-http:2.3.1=compileClasspath,implementationDependenciesMetadata,runtimeClasspath,testCompileClasspath,testImplementationDependenciesMetadata,testRuntimeClasspath
io.ktor:ktor-io-jvm:2.3.1=compileClasspath,runtimeClasspath,testCompileClasspath,testRuntimeClasspath
io.ktor:ktor-io:2.3.1=compileClasspath,implementationDependenciesMetadata,runtimeClasspath,testCompileClasspath,testImplementationDependenciesMetadata,testRuntimeClasspath
io.ktor:ktor-network-jvm:2.2.3=compileClasspath,testCompileClasspath
io.ktor:ktor-network-jvm:2.3.1=runtimeClasspath,testRuntimeClasspath
io.ktor:ktor-network:2.2.3=compileClasspath,implementationDependenciesMetadata,testCompileClasspath,testImplementationDependenciesMetadata
io.ktor:ktor-network:2.3.1=runtimeClasspath,testRuntimeClasspath
io.ktor:ktor-serialization-jackson-jvm:2.3.1=compileClasspath,runtimeClasspath,testCompileClasspath,testRuntimeClasspath
io.ktor:ktor-serialization-jackson:2.3.1=compileClasspath,implementationDependenciesMetadata,runtimeClasspath,testCompileClasspath,testImplementationDependenciesMetadata,testRuntimeClasspath
io.ktor:ktor-serialization-jvm:2.3.1=compileClasspath,runtimeClasspath,testCompileClasspath,testRuntimeClasspath
io.ktor:ktor-serialization:2.3.1=compileClasspath,implementationDependenciesMetadata,runtimeClasspath,testCompileClasspath,testImplementationDependenciesMetadata,testRuntimeClasspath
io.ktor:ktor-server-auth-jvm:2.3.1=runtimeClasspath,testRuntimeClasspath
io.ktor:ktor-server-auth:2.3.1=runtimeClasspath,testRuntimeClasspath
io.ktor:ktor-server-call-id-jvm:2.3.1=runtimeClasspath,testRuntimeClasspath
io.ktor:ktor-server-call-id:2.3.1=runtimeClasspath,testRuntimeClasspath
io.ktor:ktor-server-call-logging-jvm:2.3.1=runtimeClasspath,testRuntimeClasspath
io.ktor:ktor-server-call-logging:2.3.1=runtimeClasspath,testRuntimeClasspath
io.ktor:ktor-server-cio-jvm:2.2.3=compileClasspath,testCompileClasspath
io.ktor:ktor-server-cio-jvm:2.3.1=runtimeClasspath,testRuntimeClasspath
io.ktor:ktor-server-cio:2.2.3=compileClasspath,implementationDependenciesMetadata,testCompileClasspath,testImplementationDependenciesMetadata
io.ktor:ktor-server-cio:2.3.1=runtimeClasspath,testRuntimeClasspath
io.ktor:ktor-server-content-negotiation-jvm:2.3.1=runtimeClasspath,testRuntimeClasspath
io.ktor:ktor-server-content-negotiation:2.3.1=runtimeClasspath,testRuntimeClasspath
io.ktor:ktor-server-core-jvm:2.2.3=compileClasspath,testCompileClasspath
io.ktor:ktor-server-core-jvm:2.3.1=runtimeClasspath,testRuntimeClasspath
io.ktor:ktor-server-core:2.2.3=compileClasspath,implementationDependenciesMetadata,testCompileClasspath,testImplementationDependenciesMetadata
io.ktor:ktor-server-core:2.3.1=runtimeClasspath,testRuntimeClasspath
io.ktor:ktor-server-host-common-jvm:2.2.3=compileClasspath,testCompileClasspath
io.ktor:ktor-server-host-common-jvm:2.3.1=runtimeClasspath,testRuntimeClasspath
io.ktor:ktor-server-host-common:2.2.3=compileClasspath,implementationDependenciesMetadata,testCompileClasspath,testImplementationDependenciesMetadata
io.ktor:ktor-server-host-common:2.3.1=runtimeClasspath,testRuntimeClasspath
io.ktor:ktor-server-metrics-micrometer-jvm:2.2.3=compileClasspath,runtimeClasspath,testCompileClasspath,testRuntimeClasspath
io.ktor:ktor-server-metrics-micrometer:2.2.3=compileClasspath,implementationDependenciesMetadata,runtimeClasspath,testCompileClasspath,testImplementationDependenciesMetadata,testRuntimeClasspath
io.ktor:ktor-server-sessions-jvm:2.3.1=runtimeClasspath,testRuntimeClasspath
io.ktor:ktor-server-sessions:2.3.1=runtimeClasspath,testRuntimeClasspath
io.ktor:ktor-server-status-pages-jvm:2.3.1=runtimeClasspath,testRuntimeClasspath
io.ktor:ktor-server-status-pages:2.3.1=runtimeClasspath,testRuntimeClasspath
io.ktor:ktor-utils-jvm:2.3.1=compileClasspath,runtimeClasspath,testCompileClasspath,testRuntimeClasspath
io.ktor:ktor-utils:2.3.1=compileClasspath,implementationDependenciesMetadata,runtimeClasspath,testCompileClasspath,testImplementationDependenciesMetadata,testRuntimeClasspath
io.ktor:ktor-websocket-serialization-jvm:2.3.1=compileClasspath,runtimeClasspath,testCompileClasspath,testRuntimeClasspath
io.ktor:ktor-websocket-serialization:2.3.1=compileClasspath,implementationDependenciesMetadata,runtimeClasspath,testCompileClasspath,testImplementationDependenciesMetadata,testRuntimeClasspath
io.ktor:ktor-websockets-jvm:2.3.1=compileClasspath,runtimeClasspath,testCompileClasspath,testRuntimeClasspath
io.ktor:ktor-websockets:2.3.1=compileClasspath,implementationDependenciesMetadata,runtimeClasspath,testCompileClasspath,testImplementationDependenciesMetadata,testRuntimeClasspath
io.micrometer:micrometer-commons:1.10.4=compileClasspath,implementationDependenciesMetadata,runtimeClasspath,testCompileClasspath,testImplementationDependenciesMetadata,testRuntimeClasspath
io.micrometer:micrometer-core:1.10.4=compileClasspath,implementationDependenciesMetadata,runtimeClasspath,testCompileClasspath,testImplementationDependenciesMetadata,testRuntimeClasspath
io.micrometer:micrometer-observation:1.10.4=compileClasspath,implementationDependenciesMetadata,runtimeClasspath,testCompileClasspath,testImplementationDependenciesMetadata,testRuntimeClasspath
io.micrometer:micrometer-registry-prometheus:1.10.4=compileClasspath,implementationDependenciesMetadata,runtimeClasspath,testCompileClasspath,testImplementationDependenciesMetadata,testRuntimeClasspath
io.mockk:mockk-agent-api-jvm:1.13.4=testCompileClasspath,testRuntimeClasspath
io.mockk:mockk-agent-api:1.13.4=testCompileClasspath,testImplementationDependenciesMetadata,testRuntimeClasspath
io.mockk:mockk-agent-jvm:1.13.4=testCompileClasspath,testRuntimeClasspath
io.mockk:mockk-agent:1.13.4=testCompileClasspath,testImplementationDependenciesMetadata,testRuntimeClasspath
io.mockk:mockk-core-jvm:1.13.4=testCompileClasspath,testRuntimeClasspath
io.mockk:mockk-core:1.13.4=testCompileClasspath,testImplementationDependenciesMetadata,testRuntimeClasspath
io.mockk:mockk-dsl-jvm:1.13.4=testCompileClasspath,testRuntimeClasspath
io.mockk:mockk-dsl:1.13.4=testCompileClasspath,testImplementationDependenciesMetadata,testRuntimeClasspath
io.mockk:mockk-jvm:1.13.4=testCompileClasspath,testRuntimeClasspath
io.mockk:mockk:1.13.4=testCompileClasspath,testImplementationDependenciesMetadata,testRuntimeClasspath
io.prometheus:simpleclient:0.16.0=compileClasspath,implementationDependenciesMetadata,runtimeClasspath,testCompileClasspath,testImplementationDependenciesMetadata,testRuntimeClasspath
io.prometheus:simpleclient_common:0.16.0=compileClasspath,implementationDependenciesMetadata,runtimeClasspath,testCompileClasspath,testImplementationDependenciesMetadata,testRuntimeClasspath
io.prometheus:simpleclient_hotspot:0.16.0=runtimeClasspath,testRuntimeClasspath
io.prometheus:simpleclient_tracer_common:0.16.0=compileClasspath,implementationDependenciesMetadata,runtimeClasspath,testCompileClasspath,testImplementationDependenciesMetadata,testRuntimeClasspath
io.prometheus:simpleclient_tracer_otel:0.16.0=compileClasspath,implementationDependenciesMetadata,runtimeClasspath,testCompileClasspath,testImplementationDependenciesMetadata,testRuntimeClasspath
io.prometheus:simpleclient_tracer_otel_agent:0.16.0=compileClasspath,implementationDependenciesMetadata,runtimeClasspath,testCompileClasspath,testImplementationDependenciesMetadata,testRuntimeClasspath
jakarta.validation:jakarta.validation-api:3.0.2=compileClasspath,implementationDependenciesMetadata,runtimeClasspath,testCompileClasspath,testImplementationDependenciesMetadata,testRuntimeClasspath
joda-time:joda-time:2.11.0=runtimeClasspath,testRuntimeClasspath
junit:junit:4.13.2=testCompileClasspath,testImplementationDependenciesMetadata,testRuntimeClasspath
net.bytebuddy:byte-buddy-agent:1.12.20=testCompileClasspath,testRuntimeClasspath
net.bytebuddy:byte-buddy:1.12.20=testCompileClasspath,testRuntimeClasspath
net.java.dev.jna:jna:5.12.1=testCompileClasspath,testImplementationDependenciesMetadata,testRuntimeClasspath
net.java.dev.jna:jna:5.6.0=kotlinCompilerClasspath,kotlinKlibCommonizerClasspath
net.logstash.logback:logstash-logback-encoder:7.3=compileClasspath,implementationDependenciesMetadata,runtimeClasspath,testCompileClasspath,testImplementationDependenciesMetadata,testRuntimeClasspath
net.minidev:accessors-smart:2.4.9=compileClasspath,implementationDependenciesMetadata,runtimeClasspath,testCompileClasspath,testImplementationDependenciesMetadata,testRuntimeClasspath
net.minidev:json-smart:2.4.10=compileClasspath,implementationDependenciesMetadata,runtimeClasspath,testCompileClasspath,testImplementationDependenciesMetadata,testRuntimeClasspath
no.nav.etterlatte:common:2023.03.28-16.21.c37f68b0da69=compileClasspath,implementationDependenciesMetadata,runtimeClasspath,testCompileClasspath,testImplementationDependenciesMetadata,testRuntimeClasspath
no.nav.security:token-client-core:3.1.0=compileClasspath,implementationDependenciesMetadata,runtimeClasspath,testCompileClasspath,testImplementationDependenciesMetadata,testRuntimeClasspath
no.nav.security:token-validation-core:3.1.0=runtimeClasspath,testRuntimeClasspath
no.nav.security:token-validation-ktor-v2:3.1.0=runtimeClasspath,testRuntimeClasspath
org.apache.commons:commons-compress:1.23.0=testCompileClasspath,testImplementationDependenciesMetadata,testRuntimeClasspath
org.apache.kafka:kafka-clients:3.4.0=compileClasspath,implementationDependenciesMetadata,runtimeClasspath,testCompileClasspath,testImplementationDependenciesMetadata,testRuntimeClasspath
org.apiguardian:apiguardian-api:1.1.2=testCompileClasspath,testImplementationDependenciesMetadata
org.checkerframework:checker-qual:3.33.0=compileClasspath,implementationDependenciesMetadata,runtimeClasspath,testCompileClasspath,testImplementationDependenciesMetadata,testRuntimeClasspath
org.flywaydb:flyway-core:9.19.1=compileClasspath,implementationDependenciesMetadata,runtimeClasspath,testCompileClasspath,testImplementationDependenciesMetadata,testRuntimeClasspath
org.fusesource.jansi:jansi:2.4.0=runtimeClasspath,testRuntimeClasspath
org.hamcrest:hamcrest-core:1.3=testCompileClasspath,testImplementationDependenciesMetadata,testRuntimeClasspath
org.hdrhistogram:HdrHistogram:2.1.12=runtimeClasspath,testRuntimeClasspath
org.jetbrains.intellij.deps:trove4j:1.0.20200330=kotlinCompilerClasspath,kotlinKlibCommonizerClasspath
org.jetbrains.kotlin:kotlin-compiler-embeddable:1.8.21=kotlinCompilerClasspath,kotlinKlibCommonizerClasspath
org.jetbrains.kotlin:kotlin-daemon-embeddable:1.8.21=kotlinCompilerClasspath,kotlinKlibCommonizerClasspath
org.jetbrains.kotlin:kotlin-klib-commonizer-embeddable:1.8.21=kotlinKlibCommonizerClasspath
org.jetbrains.kotlin:kotlin-reflect:1.6.10=kotlinCompilerClasspath,kotlinKlibCommonizerClasspath
org.jetbrains.kotlin:kotlin-reflect:1.8.21=compileClasspath,implementationDependenciesMetadata,runtimeClasspath,testCompileClasspath,testImplementationDependenciesMetadata,testRuntimeClasspath
org.jetbrains.kotlin:kotlin-script-runtime:1.8.21=kotlinCompilerClasspath,kotlinCompilerPluginClasspathMain,kotlinCompilerPluginClasspathTest,kotlinKlibCommonizerClasspath
org.jetbrains.kotlin:kotlin-scripting-common:1.8.21=kotlinCompilerPluginClasspathMain,kotlinCompilerPluginClasspathTest
org.jetbrains.kotlin:kotlin-scripting-compiler-embeddable:1.8.21=kotlinCompilerPluginClasspathMain,kotlinCompilerPluginClasspathTest
org.jetbrains.kotlin:kotlin-scripting-compiler-impl-embeddable:1.8.21=kotlinCompilerPluginClasspathMain,kotlinCompilerPluginClasspathTest
org.jetbrains.kotlin:kotlin-scripting-jvm:1.8.21=kotlinCompilerPluginClasspathMain,kotlinCompilerPluginClasspathTest
org.jetbrains.kotlin:kotlin-stdlib-common:1.8.21=compileClasspath,implementationDependenciesMetadata,kotlinCompilerClasspath,kotlinCompilerPluginClasspathMain,kotlinCompilerPluginClasspathTest,kotlinKlibCommonizerClasspath,runtimeClasspath,testCompileClasspath,testImplementationDependenciesMetadata,testRuntimeClasspath
org.jetbrains.kotlin:kotlin-stdlib-jdk7:1.8.21=compileClasspath,implementationDependenciesMetadata,runtimeClasspath,testCompileClasspath,testImplementationDependenciesMetadata,testRuntimeClasspath
org.jetbrains.kotlin:kotlin-stdlib-jdk8:1.8.21=compileClasspath,implementationDependenciesMetadata,runtimeClasspath,testCompileClasspath,testImplementationDependenciesMetadata,testRuntimeClasspath
org.jetbrains.kotlin:kotlin-stdlib:1.8.21=compileClasspath,implementationDependenciesMetadata,kotlinCompilerClasspath,kotlinCompilerPluginClasspathMain,kotlinCompilerPluginClasspathTest,kotlinKlibCommonizerClasspath,runtimeClasspath,testCompileClasspath,testImplementationDependenciesMetadata,testRuntimeClasspath
org.jetbrains.kotlinx:atomicfu:0.19.0=implementationDependenciesMetadata
org.jetbrains.kotlinx:atomicfu:0.20.2=testImplementationDependenciesMetadata
org.jetbrains.kotlinx:kotlinx-coroutines-bom:1.6.4=compileClasspath,implementationDependenciesMetadata,runtimeClasspath,testImplementationDependenciesMetadata
org.jetbrains.kotlinx:kotlinx-coroutines-bom:1.7.1=testCompileClasspath,testRuntimeClasspath
org.jetbrains.kotlinx:kotlinx-coroutines-core-jvm:1.6.4=compileClasspath,runtimeClasspath
org.jetbrains.kotlinx:kotlinx-coroutines-core-jvm:1.7.1=testCompileClasspath,testRuntimeClasspath
org.jetbrains.kotlinx:kotlinx-coroutines-core:1.6.4=compileClasspath,implementationDependenciesMetadata,runtimeClasspath
org.jetbrains.kotlinx:kotlinx-coroutines-core:1.7.1=testCompileClasspath,testImplementationDependenciesMetadata,testRuntimeClasspath
org.jetbrains.kotlinx:kotlinx-coroutines-jdk8:1.6.4=compileClasspath,implementationDependenciesMetadata,runtimeClasspath,testImplementationDependenciesMetadata
org.jetbrains.kotlinx:kotlinx-coroutines-jdk8:1.7.1=testCompileClasspath,testRuntimeClasspath
org.jetbrains.kotlinx:kotlinx-coroutines-slf4j:1.6.4=runtimeClasspath
org.jetbrains.kotlinx:kotlinx-coroutines-slf4j:1.7.1=testRuntimeClasspath
org.jetbrains.kotlinx:kotlinx-serialization-bom:1.5.1=runtimeClasspath,testRuntimeClasspath
org.jetbrains.kotlinx:kotlinx-serialization-core-jvm:1.5.1=runtimeClasspath,testRuntimeClasspath
org.jetbrains.kotlinx:kotlinx-serialization-core:1.5.1=runtimeClasspath,testRuntimeClasspath
org.jetbrains.kotlinx:kotlinx-serialization-json-jvm:1.5.1=runtimeClasspath,testRuntimeClasspath
org.jetbrains.kotlinx:kotlinx-serialization-json:1.5.1=runtimeClasspath,testRuntimeClasspath
org.jetbrains:annotations:13.0=compileClasspath,implementationDependenciesMetadata,kotlinCompilerClasspath,kotlinCompilerPluginClasspathMain,kotlinCompilerPluginClasspathTest,kotlinKlibCommonizerClasspath,runtimeClasspath
org.jetbrains:annotations:17.0.0=testImplementationDependenciesMetadata
org.jetbrains:annotations:23.0.0=testCompileClasspath,testRuntimeClasspath
org.junit.jupiter:junit-jupiter-api:5.9.3=testCompileClasspath,testImplementationDependenciesMetadata,testRuntimeClasspath
org.junit.jupiter:junit-jupiter-engine:5.9.3=testRuntimeClasspath
org.junit.jupiter:junit-jupiter-params:5.9.3=testCompileClasspath,testImplementationDependenciesMetadata,testRuntimeClasspath
org.junit.jupiter:junit-jupiter:5.9.3=testRuntimeClasspath
org.junit.platform:junit-platform-commons:1.9.3=testCompileClasspath,testImplementationDependenciesMetadata,testRuntimeClasspath
org.junit.platform:junit-platform-engine:1.9.3=testRuntimeClasspath
org.junit:junit-bom:5.9.3=testCompileClasspath,testImplementationDependenciesMetadata,testRuntimeClasspath
org.latencyutils:LatencyUtils:2.0.3=runtimeClasspath,testRuntimeClasspath
org.lz4:lz4-java:1.8.0=runtimeClasspath,testRuntimeClasspath
org.objenesis:objenesis:3.3=testCompileClasspath,testRuntimeClasspath
org.opentest4j:opentest4j:1.2.0=testCompileClasspath,testImplementationDependenciesMetadata,testRuntimeClasspath
org.ow2.asm:asm:9.3=compileClasspath,implementationDependenciesMetadata,runtimeClasspath,testCompileClasspath,testImplementationDependenciesMetadata,testRuntimeClasspath
org.postgresql:postgresql:42.6.0=compileClasspath,implementationDependenciesMetadata,runtimeClasspath,testCompileClasspath,testImplementationDependenciesMetadata,testRuntimeClasspath
org.rnorth.duct-tape:duct-tape:1.0.8=testCompileClasspath,testImplementationDependenciesMetadata,testRuntimeClasspath
org.slf4j:slf4j-api:2.0.7=compileClasspath,implementationDependenciesMetadata,runtimeClasspath,testCompileClasspath,testImplementationDependenciesMetadata,testRuntimeClasspath
org.testcontainers:database-commons:1.18.3=testCompileClasspath,testImplementationDependenciesMetadata,testRuntimeClasspath
org.testcontainers:jdbc:1.18.3=testCompileClasspath,testImplementationDependenciesMetadata,testRuntimeClasspath
org.testcontainers:junit-jupiter:1.18.3=testCompileClasspath,testImplementationDependenciesMetadata,testRuntimeClasspath
org.testcontainers:postgresql:1.18.3=testCompileClasspath,testImplementationDependenciesMetadata,testRuntimeClasspath
org.testcontainers:testcontainers:1.18.3=testCompileClasspath,testImplementationDependenciesMetadata,testRuntimeClasspath
org.xerial.snappy:snappy-java:1.1.8.4=runtimeClasspath,testRuntimeClasspath
empty=annotationProcessor,apiDependenciesMetadata,compileOnlyDependenciesMetadata,intransitiveDependenciesMetadata,kotlinCompilerPluginClasspath,kotlinNativeCompilerPluginClasspath,kotlinScriptDef,kotlinScriptDefExtensions,testAnnotationProcessor,testApiDependenciesMetadata,testCompileOnlyDependenciesMetadata,testIntransitiveDependenciesMetadata,testKotlinScriptDef,testKotlinScriptDefExtensions
