# This is a Gradle generated file for dependency locking.
# Manual edits can break the build and are not advised.
# This file is expected to be part of source control.
ch.qos.logback:logback-classic:1.4.7=compileClasspath,implementationDependenciesMetadata,runtimeClasspath,testCompileClasspath,testImplementationDependenciesMetadata,testRuntimeClasspath
ch.qos.logback:logback-core:1.4.7=compileClasspath,implementationDependenciesMetadata,runtimeClasspath,testCompileClasspath,testImplementationDependenciesMetadata,testRuntimeClasspath
com.fasterxml.jackson.core:jackson-annotations:2.15.2=compileClasspath,implementationDependenciesMetadata,runtimeClasspath,testCompileClasspath,testImplementationDependenciesMetadata,testRuntimeClasspath
com.fasterxml.jackson.core:jackson-core:2.15.2=compileClasspath,implementationDependenciesMetadata,runtimeClasspath,testCompileClasspath,testImplementationDependenciesMetadata,testRuntimeClasspath
com.fasterxml.jackson.core:jackson-databind:2.15.2=compileClasspath,implementationDependenciesMetadata,runtimeClasspath,testCompileClasspath,testImplementationDependenciesMetadata,testRuntimeClasspath
com.fasterxml.jackson.dataformat:jackson-dataformat-xml:2.15.2=compileClasspath,implementationDependenciesMetadata,runtimeClasspath,testCompileClasspath,testImplementationDependenciesMetadata,testRuntimeClasspath
com.fasterxml.jackson.datatype:jackson-datatype-jdk8:2.15.2=compileClasspath,implementationDependenciesMetadata,runtimeClasspath,testCompileClasspath,testImplementationDependenciesMetadata,testRuntimeClasspath
com.fasterxml.jackson.datatype:jackson-datatype-jsr310:2.15.2=compileClasspath,implementationDependenciesMetadata,runtimeClasspath,testCompileClasspath,testImplementationDependenciesMetadata,testRuntimeClasspath
com.fasterxml.jackson.module:jackson-module-kotlin:2.15.2=compileClasspath,implementationDependenciesMetadata,runtimeClasspath,testCompileClasspath,testImplementationDependenciesMetadata,testRuntimeClasspath
com.fasterxml.jackson:jackson-bom:2.15.2=compileClasspath,implementationDependenciesMetadata,runtimeClasspath,testCompileClasspath,testImplementationDependenciesMetadata,testRuntimeClasspath
com.fasterxml.woodstox:woodstox-core:6.5.1=compileClasspath,implementationDependenciesMetadata,runtimeClasspath,testCompileClasspath,testImplementationDependenciesMetadata,testRuntimeClasspath
com.github.ben-manes.caffeine:caffeine:3.1.6=compileClasspath,implementationDependenciesMetadata,runtimeClasspath,testCompileClasspath,testImplementationDependenciesMetadata,testRuntimeClasspath
com.github.docker-java:docker-java-api:3.3.0=testCompileClasspath,testImplementationDependenciesMetadata,testRuntimeClasspath
com.github.docker-java:docker-java-transport-zerodep:3.3.0=testCompileClasspath,testImplementationDependenciesMetadata,testRuntimeClasspath
com.github.docker-java:docker-java-transport:3.3.0=testCompileClasspath,testImplementationDependenciesMetadata,testRuntimeClasspath
com.github.jknack:handlebars-helpers:4.3.1=testCompileClasspath,testImplementationDependenciesMetadata,testRuntimeClasspath
com.github.jknack:handlebars:4.3.1=testCompileClasspath,testImplementationDependenciesMetadata,testRuntimeClasspath
com.github.luben:zstd-jni:1.5.2-1=runtimeClasspath,testRuntimeClasspath
com.github.navikt.pensjon-etterlatte-tjenestespesifikasjoner:tilbakekreving-v1-tjenestespesifikasjon:1.78ffd1e=compileClasspath,implementationDependenciesMetadata,runtimeClasspath,testCompileClasspath,testImplementationDependenciesMetadata,testRuntimeClasspath
com.github.navikt:rapids-and-rivers:2023041310341681374880.67ced5ad4dda=compileClasspath,implementationDependenciesMetadata,runtimeClasspath,testCompileClasspath,testImplementationDependenciesMetadata,testRuntimeClasspath
com.github.seratch:kotliquery:1.9.0=compileClasspath,implementationDependenciesMetadata,runtimeClasspath,testCompileClasspath,testImplementationDependenciesMetadata,testRuntimeClasspath
com.github.stephenc.jcip:jcip-annotations:1.0-1=compileClasspath,implementationDependenciesMetadata,runtimeClasspath,testCompileClasspath,testImplementationDependenciesMetadata,testRuntimeClasspath
com.github.tomakehurst:wiremock-jre8:2.35.0=testCompileClasspath,testImplementationDependenciesMetadata,testRuntimeClasspath
com.google.code.findbugs:jsr305:3.0.2=testCompileClasspath,testImplementationDependenciesMetadata,testRuntimeClasspath
com.google.code.gson:gson:2.10.1=compileClasspath,implementationDependenciesMetadata,runtimeClasspath,testCompileClasspath,testImplementationDependenciesMetadata,testRuntimeClasspath
com.google.errorprone:error_prone_annotations:2.18.0=compileClasspath,implementationDependenciesMetadata,runtimeClasspath,testCompileClasspath,testImplementationDependenciesMetadata,testRuntimeClasspath
com.google.guava:failureaccess:1.0.1=testCompileClasspath,testImplementationDependenciesMetadata,testRuntimeClasspath
com.google.guava:guava:31.1-jre=testCompileClasspath,testImplementationDependenciesMetadata,testRuntimeClasspath
com.google.guava:listenablefuture:9999.0-empty-to-avoid-conflict-with-guava=testCompileClasspath,testImplementationDependenciesMetadata,testRuntimeClasspath
com.google.j2objc:j2objc-annotations:1.3=testCompileClasspath,testImplementationDependenciesMetadata,testRuntimeClasspath
com.ibm.mq:com.ibm.mq.jakarta.client:9.3.2.0=compileClasspath,implementationDependenciesMetadata,runtimeClasspath,testCompileClasspath,testImplementationDependenciesMetadata,testRuntimeClasspath
com.jayway.jsonpath:json-path:2.7.0=testCompileClasspath,testImplementationDependenciesMetadata,testRuntimeClasspath
com.nimbusds:content-type:2.2=compileClasspath,implementationDependenciesMetadata,runtimeClasspath,testCompileClasspath,testImplementationDependenciesMetadata,testRuntimeClasspath
com.nimbusds:lang-tag:1.7=compileClasspath,implementationDependenciesMetadata,runtimeClasspath,testCompileClasspath,testImplementationDependenciesMetadata,testRuntimeClasspath
com.nimbusds:nimbus-jose-jwt:9.31=compileClasspath,implementationDependenciesMetadata,runtimeClasspath,testCompileClasspath,testImplementationDependenciesMetadata,testRuntimeClasspath
com.nimbusds:oauth2-oidc-sdk:10.9.1=compileClasspath,implementationDependenciesMetadata,runtimeClasspath,testCompileClasspath,testImplementationDependenciesMetadata,testRuntimeClasspath
com.squareup.okhttp3:mockwebserver:4.10.0=testCompileClasspath,testImplementationDependenciesMetadata,testRuntimeClasspath
com.squareup.okhttp3:okhttp:4.10.0=testImplementationDependenciesMetadata
com.squareup.okhttp3:okhttp:4.11.0=compileClasspath,runtimeClasspath,testCompileClasspath,testRuntimeClasspath
com.squareup.okio:okio-jvm:3.2.0=compileClasspath,runtimeClasspath,testCompileClasspath,testRuntimeClasspath
com.squareup.okio:okio:3.0.0=testImplementationDependenciesMetadata
com.squareup.okio:okio:3.2.0=compileClasspath,runtimeClasspath,testCompileClasspath,testRuntimeClasspath
com.sun.activation:jakarta.activation:2.0.0=compileClasspath,implementationDependenciesMetadata,runtimeClasspath,testCompileClasspath,testImplementationDependenciesMetadata,testRuntimeClasspath
com.sun.istack:istack-commons-runtime:4.1.1=compileClasspath,implementationDependenciesMetadata,runtimeClasspath,testCompileClasspath,testImplementationDependenciesMetadata,testRuntimeClasspath
com.sun.mail:jakarta.mail:2.0.0=runtimeClasspath,testRuntimeClasspath
com.sun.xml.bind:jaxb-core:3.0.0=compileClasspath,implementationDependenciesMetadata,runtimeClasspath,testCompileClasspath,testImplementationDependenciesMetadata,testRuntimeClasspath
com.sun.xml.bind:jaxb-impl:3.0.0=compileClasspath,implementationDependenciesMetadata,runtimeClasspath,testCompileClasspath,testImplementationDependenciesMetadata,testRuntimeClasspath
com.sun.xml.fastinfoset:FastInfoset:2.0.0=compileClasspath,implementationDependenciesMetadata,runtimeClasspath,testCompileClasspath,testImplementationDependenciesMetadata,testRuntimeClasspath
com.sun.xml.messaging.saaj:saaj-impl:2.0.0=runtimeClasspath,testRuntimeClasspath
com.sun.xml.stream.buffer:streambuffer:2.0.1=compileClasspath,implementationDependenciesMetadata,runtimeClasspath,testCompileClasspath,testImplementationDependenciesMetadata,testRuntimeClasspath
com.sun.xml.ws:jaxws-rt:3.0.0=compileClasspath,implementationDependenciesMetadata,runtimeClasspath,testCompileClasspath,testImplementationDependenciesMetadata,testRuntimeClasspath
com.typesafe:config:1.4.2=compileClasspath,runtimeClasspath,testCompileClasspath,testRuntimeClasspath
com.zaxxer:HikariCP:5.0.0=compileClasspath,implementationDependenciesMetadata,runtimeClasspath,testCompileClasspath,testImplementationDependenciesMetadata,testRuntimeClasspath
commons-codec:commons-codec:1.15=testCompileClasspath,testImplementationDependenciesMetadata,testRuntimeClasspath
commons-fileupload:commons-fileupload:1.4=testCompileClasspath,testImplementationDependenciesMetadata,testRuntimeClasspath
commons-io:commons-io:2.11.0=testCompileClasspath,testImplementationDependenciesMetadata,testRuntimeClasspath
commons-logging:commons-logging:1.2=testCompileClasspath,testRuntimeClasspath
io.github.microutils:kotlin-logging-jvm:3.0.5=testRuntimeClasspath
io.github.microutils:kotlin-logging:3.0.5=testRuntimeClasspath
io.ktor:ktor-client-apache-jvm:2.3.1=testCompileClasspath,testRuntimeClasspath
io.ktor:ktor-client-apache:2.3.1=testCompileClasspath,testRuntimeClasspath
io.ktor:ktor-client-auth-jvm:2.3.1=compileClasspath,runtimeClasspath,testCompileClasspath,testRuntimeClasspath
io.ktor:ktor-client-auth:2.3.1=compileClasspath,implementationDependenciesMetadata,runtimeClasspath,testCompileClasspath,testImplementationDependenciesMetadata,testRuntimeClasspath
io.ktor:ktor-client-cio-jvm:2.3.1=compileClasspath,implementationDependenciesMetadata,runtimeClasspath,testCompileClasspath,testImplementationDependenciesMetadata,testRuntimeClasspath
io.ktor:ktor-client-cio:2.3.1=testCompileClasspath,testImplementationDependenciesMetadata,testRuntimeClasspath
io.ktor:ktor-client-content-negotiation-jvm:2.3.1=compileClasspath,runtimeClasspath,testCompileClasspath,testRuntimeClasspath
io.ktor:ktor-client-content-negotiation:2.3.1=compileClasspath,implementationDependenciesMetadata,runtimeClasspath,testCompileClasspath,testImplementationDependenciesMetadata,testRuntimeClasspath
io.ktor:ktor-client-core-jvm:2.3.1=compileClasspath,runtimeClasspath,testCompileClasspath,testRuntimeClasspath
io.ktor:ktor-client-core:2.3.1=compileClasspath,implementationDependenciesMetadata,runtimeClasspath,testCompileClasspath,testImplementationDependenciesMetadata,testRuntimeClasspath
io.ktor:ktor-client-jackson-jvm:2.3.1=compileClasspath,runtimeClasspath,testCompileClasspath,testRuntimeClasspath
io.ktor:ktor-client-jackson:2.3.1=compileClasspath,implementationDependenciesMetadata,runtimeClasspath,testCompileClasspath,testImplementationDependenciesMetadata,testRuntimeClasspath
io.ktor:ktor-client-json-jvm:2.3.1=compileClasspath,runtimeClasspath,testCompileClasspath,testRuntimeClasspath
io.ktor:ktor-client-json:2.3.1=compileClasspath,runtimeClasspath,testCompileClasspath,testRuntimeClasspath
io.ktor:ktor-client-logging-jvm:2.3.1=runtimeClasspath,testRuntimeClasspath
io.ktor:ktor-client-mock-jvm:2.3.1=testCompileClasspath,testRuntimeClasspath
io.ktor:ktor-client-mock:2.3.1=testCompileClasspath,testImplementationDependenciesMetadata,testRuntimeClasspath
io.ktor:ktor-client-okhttp-jvm:2.3.1=compileClasspath,runtimeClasspath,testCompileClasspath,testRuntimeClasspath
io.ktor:ktor-client-okhttp:2.3.1=compileClasspath,implementationDependenciesMetadata,runtimeClasspath,testCompileClasspath,testImplementationDependenciesMetadata,testRuntimeClasspath
io.ktor:ktor-events-jvm:2.3.1=compileClasspath,runtimeClasspath,testCompileClasspath,testRuntimeClasspath
io.ktor:ktor-events:2.3.1=compileClasspath,implementationDependenciesMetadata,runtimeClasspath,testCompileClasspath,testImplementationDependenciesMetadata,testRuntimeClasspath
io.ktor:ktor-http-cio-jvm:2.3.1=compileClasspath,runtimeClasspath,testCompileClasspath,testRuntimeClasspath
io.ktor:ktor-http-cio:2.3.1=compileClasspath,implementationDependenciesMetadata,runtimeClasspath,testCompileClasspath,testImplementationDependenciesMetadata,testRuntimeClasspath
io.ktor:ktor-http-jvm:2.3.1=compileClasspath,runtimeClasspath,testCompileClasspath,testRuntimeClasspath
io.ktor:ktor-http:2.3.1=compileClasspath,implementationDependenciesMetadata,runtimeClasspath,testCompileClasspath,testImplementationDependenciesMetadata,testRuntimeClasspath
io.ktor:ktor-io-jvm:2.3.1=compileClasspath,runtimeClasspath,testCompileClasspath,testRuntimeClasspath
io.ktor:ktor-io:2.3.1=compileClasspath,implementationDependenciesMetadata,runtimeClasspath,testCompileClasspath,testImplementationDependenciesMetadata,testRuntimeClasspath
io.ktor:ktor-network-jvm:2.3.1=compileClasspath,runtimeClasspath,testCompileClasspath,testRuntimeClasspath
io.ktor:ktor-network-tls-certificates-jvm:2.3.1=testCompileClasspath,testRuntimeClasspath
io.ktor:ktor-network-tls-certificates:2.3.1=testCompileClasspath,testRuntimeClasspath
io.ktor:ktor-network-tls-jvm:2.3.1=compileClasspath,runtimeClasspath,testCompileClasspath,testRuntimeClasspath
io.ktor:ktor-network-tls:2.3.1=compileClasspath,implementationDependenciesMetadata,runtimeClasspath,testCompileClasspath,testImplementationDependenciesMetadata,testRuntimeClasspath
io.ktor:ktor-network:2.3.1=compileClasspath,implementationDependenciesMetadata,runtimeClasspath,testCompileClasspath,testImplementationDependenciesMetadata,testRuntimeClasspath
io.ktor:ktor-serialization-jackson-jvm:2.3.1=compileClasspath,runtimeClasspath,testCompileClasspath,testRuntimeClasspath
io.ktor:ktor-serialization-jackson:2.3.1=compileClasspath,implementationDependenciesMetadata,runtimeClasspath,testCompileClasspath,testImplementationDependenciesMetadata,testRuntimeClasspath
io.ktor:ktor-serialization-jvm:2.3.1=compileClasspath,runtimeClasspath,testCompileClasspath,testRuntimeClasspath
io.ktor:ktor-serialization:2.3.1=compileClasspath,implementationDependenciesMetadata,runtimeClasspath,testCompileClasspath,testImplementationDependenciesMetadata,testRuntimeClasspath
io.ktor:ktor-server-auth-jvm:2.3.0=implementationDependenciesMetadata,testImplementationDependenciesMetadata
io.ktor:ktor-server-auth-jvm:2.3.1=compileClasspath,runtimeClasspath,testCompileClasspath,testRuntimeClasspath
io.ktor:ktor-server-auth:2.3.1=compileClasspath,implementationDependenciesMetadata,runtimeClasspath,testCompileClasspath,testImplementationDependenciesMetadata,testRuntimeClasspath
io.ktor:ktor-server-auto-head-response-jvm:2.3.1=testCompileClasspath,testRuntimeClasspath
io.ktor:ktor-server-auto-head-response:2.3.1=testCompileClasspath,testImplementationDependenciesMetadata,testRuntimeClasspath
io.ktor:ktor-server-caching-headers-jvm:2.3.1=testCompileClasspath,testRuntimeClasspath
io.ktor:ktor-server-caching-headers:2.3.1=testCompileClasspath,testImplementationDependenciesMetadata,testRuntimeClasspath
io.ktor:ktor-server-call-id-jvm:2.3.1=runtimeClasspath,testCompileClasspath,testRuntimeClasspath
io.ktor:ktor-server-call-id:2.3.1=runtimeClasspath,testCompileClasspath,testImplementationDependenciesMetadata,testRuntimeClasspath
io.ktor:ktor-server-call-logging-jvm:2.3.1=compileClasspath,runtimeClasspath,testCompileClasspath,testRuntimeClasspath
io.ktor:ktor-server-call-logging:2.3.1=compileClasspath,implementationDependenciesMetadata,runtimeClasspath,testCompileClasspath,testImplementationDependenciesMetadata,testRuntimeClasspath
io.ktor:ktor-server-cio-jvm:2.3.1=compileClasspath,runtimeClasspath,testCompileClasspath,testRuntimeClasspath
io.ktor:ktor-server-cio:2.3.1=compileClasspath,implementationDependenciesMetadata,runtimeClasspath,testCompileClasspath,testImplementationDependenciesMetadata,testRuntimeClasspath
io.ktor:ktor-server-compression-jvm:2.3.1=testCompileClasspath,testRuntimeClasspath
io.ktor:ktor-server-compression:2.3.1=testCompileClasspath,testRuntimeClasspath
io.ktor:ktor-server-conditional-headers-jvm:2.3.1=testCompileClasspath,testRuntimeClasspath
io.ktor:ktor-server-conditional-headers:2.3.1=testCompileClasspath,testImplementationDependenciesMetadata,testRuntimeClasspath
io.ktor:ktor-server-content-negotiation-jvm:2.3.1=compileClasspath,runtimeClasspath,testCompileClasspath,testRuntimeClasspath
io.ktor:ktor-server-content-negotiation:2.3.1=compileClasspath,implementationDependenciesMetadata,runtimeClasspath,testCompileClasspath,testImplementationDependenciesMetadata,testRuntimeClasspath
io.ktor:ktor-server-core-jvm:2.3.1=compileClasspath,runtimeClasspath,testCompileClasspath,testRuntimeClasspath
io.ktor:ktor-server-core:2.3.1=compileClasspath,implementationDependenciesMetadata,runtimeClasspath,testCompileClasspath,testImplementationDependenciesMetadata,testRuntimeClasspath
io.ktor:ktor-server-cors-jvm:2.3.1=testCompileClasspath,testRuntimeClasspath
io.ktor:ktor-server-cors:2.3.1=testCompileClasspath,testImplementationDependenciesMetadata,testRuntimeClasspath
io.ktor:ktor-server-data-conversion-jvm:2.3.1=testCompileClasspath,testRuntimeClasspath
io.ktor:ktor-server-data-conversion:2.3.1=testCompileClasspath,testImplementationDependenciesMetadata,testRuntimeClasspath
io.ktor:ktor-server-default-headers-jvm:2.3.1=testCompileClasspath,testRuntimeClasspath
io.ktor:ktor-server-default-headers:2.3.1=testCompileClasspath,testRuntimeClasspath
io.ktor:ktor-server-double-receive-jvm:2.3.1=testCompileClasspath,testRuntimeClasspath
io.ktor:ktor-server-double-receive:2.3.1=testCompileClasspath,testImplementationDependenciesMetadata,testRuntimeClasspath
io.ktor:ktor-server-forwarded-header-jvm:2.3.1=testCompileClasspath,testRuntimeClasspath
io.ktor:ktor-server-forwarded-header:2.3.1=testCompileClasspath,testImplementationDependenciesMetadata,testRuntimeClasspath
io.ktor:ktor-server-host-common-jvm:2.3.1=compileClasspath,runtimeClasspath,testCompileClasspath,testRuntimeClasspath
io.ktor:ktor-server-host-common:2.3.1=compileClasspath,implementationDependenciesMetadata,runtimeClasspath,testCompileClasspath,testImplementationDependenciesMetadata,testRuntimeClasspath
io.ktor:ktor-server-hsts-jvm:2.3.1=testCompileClasspath,testRuntimeClasspath
io.ktor:ktor-server-hsts:2.3.1=testCompileClasspath,testImplementationDependenciesMetadata,testRuntimeClasspath
io.ktor:ktor-server-http-redirect-jvm:2.3.1=testCompileClasspath,testRuntimeClasspath
io.ktor:ktor-server-http-redirect:2.3.1=testCompileClasspath,testImplementationDependenciesMetadata,testRuntimeClasspath
io.ktor:ktor-server-jvm:2.3.1=testCompileClasspath,testRuntimeClasspath
io.ktor:ktor-server-method-override-jvm:2.3.1=testCompileClasspath,testRuntimeClasspath
io.ktor:ktor-server-method-override:2.3.1=testCompileClasspath,testImplementationDependenciesMetadata,testRuntimeClasspath
io.ktor:ktor-server-metrics-micrometer-jvm:2.2.3=compileClasspath,runtimeClasspath,testCompileClasspath,testRuntimeClasspath
io.ktor:ktor-server-metrics-micrometer:2.2.3=compileClasspath,implementationDependenciesMetadata,runtimeClasspath,testCompileClasspath,testImplementationDependenciesMetadata,testRuntimeClasspath
io.ktor:ktor-server-partial-content-jvm:2.3.1=testCompileClasspath,testRuntimeClasspath
io.ktor:ktor-server-partial-content:2.3.1=testCompileClasspath,testImplementationDependenciesMetadata,testRuntimeClasspath
io.ktor:ktor-server-rate-limit-jvm:2.3.1=testCompileClasspath,testRuntimeClasspath
io.ktor:ktor-server-rate-limit:2.3.1=testCompileClasspath,testImplementationDependenciesMetadata,testRuntimeClasspath
io.ktor:ktor-server-sessions-jvm:2.3.1=compileClasspath,runtimeClasspath,testCompileClasspath,testRuntimeClasspath
io.ktor:ktor-server-sessions:2.3.1=compileClasspath,implementationDependenciesMetadata,runtimeClasspath,testCompileClasspath,testImplementationDependenciesMetadata,testRuntimeClasspath
io.ktor:ktor-server-status-pages-jvm:2.3.1=compileClasspath,runtimeClasspath,testCompileClasspath,testRuntimeClasspath
io.ktor:ktor-server-status-pages:2.3.1=compileClasspath,implementationDependenciesMetadata,runtimeClasspath,testCompileClasspath,testImplementationDependenciesMetadata,testRuntimeClasspath
io.ktor:ktor-server-test-host-jvm:2.3.1=testCompileClasspath,testRuntimeClasspath
io.ktor:ktor-server-test-host:2.3.1=testCompileClasspath,testImplementationDependenciesMetadata,testRuntimeClasspath
io.ktor:ktor-server-tests-jvm:2.3.1=testCompileClasspath,testRuntimeClasspath
io.ktor:ktor-server-tests:2.3.1=testCompileClasspath,testImplementationDependenciesMetadata,testRuntimeClasspath
io.ktor:ktor-server-websockets-jvm:2.3.1=testCompileClasspath,testRuntimeClasspath
io.ktor:ktor-server-websockets:2.3.1=testCompileClasspath,testRuntimeClasspath
io.ktor:ktor-server:2.3.1=testCompileClasspath,testImplementationDependenciesMetadata,testRuntimeClasspath
io.ktor:ktor-test-dispatcher-jvm:2.3.1=testCompileClasspath,testRuntimeClasspath
io.ktor:ktor-test-dispatcher:2.3.1=testCompileClasspath,testImplementationDependenciesMetadata,testRuntimeClasspath
io.ktor:ktor-utils-jvm:2.3.1=compileClasspath,runtimeClasspath,testCompileClasspath,testRuntimeClasspath
io.ktor:ktor-utils:2.3.1=compileClasspath,implementationDependenciesMetadata,runtimeClasspath,testCompileClasspath,testImplementationDependenciesMetadata,testRuntimeClasspath
io.ktor:ktor-websocket-serialization-jvm:2.3.1=compileClasspath,runtimeClasspath,testCompileClasspath,testRuntimeClasspath
io.ktor:ktor-websocket-serialization:2.3.1=compileClasspath,implementationDependenciesMetadata,runtimeClasspath,testCompileClasspath,testImplementationDependenciesMetadata,testRuntimeClasspath
io.ktor:ktor-websockets-jvm:2.3.1=compileClasspath,runtimeClasspath,testCompileClasspath,testRuntimeClasspath
io.ktor:ktor-websockets:2.3.1=compileClasspath,implementationDependenciesMetadata,runtimeClasspath,testCompileClasspath,testImplementationDependenciesMetadata,testRuntimeClasspath
io.micrometer:micrometer-commons:1.10.4=compileClasspath,implementationDependenciesMetadata,runtimeClasspath,testCompileClasspath,testImplementationDependenciesMetadata,testRuntimeClasspath
io.micrometer:micrometer-core:1.10.4=compileClasspath,implementationDependenciesMetadata,runtimeClasspath,testCompileClasspath,testImplementationDependenciesMetadata,testRuntimeClasspath
io.micrometer:micrometer-observation:1.10.4=compileClasspath,implementationDependenciesMetadata,runtimeClasspath,testCompileClasspath,testImplementationDependenciesMetadata,testRuntimeClasspath
io.micrometer:micrometer-registry-prometheus:1.10.4=compileClasspath,implementationDependenciesMetadata,runtimeClasspath,testCompileClasspath,testImplementationDependenciesMetadata,testRuntimeClasspath
io.mockk:mockk-agent-api-jvm:1.13.4=testCompileClasspath,testRuntimeClasspath
io.mockk:mockk-agent-api:1.13.4=testCompileClasspath,testImplementationDependenciesMetadata,testRuntimeClasspath
io.mockk:mockk-agent-jvm:1.13.4=testCompileClasspath,testRuntimeClasspath
io.mockk:mockk-agent:1.13.4=testCompileClasspath,testImplementationDependenciesMetadata,testRuntimeClasspath
io.mockk:mockk-core-jvm:1.13.4=testCompileClasspath,testRuntimeClasspath
io.mockk:mockk-core:1.13.4=testCompileClasspath,testImplementationDependenciesMetadata,testRuntimeClasspath
io.mockk:mockk-dsl-jvm:1.13.4=testCompileClasspath,testRuntimeClasspath
io.mockk:mockk-dsl:1.13.4=testCompileClasspath,testImplementationDependenciesMetadata,testRuntimeClasspath
io.mockk:mockk-jvm:1.13.4=testCompileClasspath,testRuntimeClasspath
io.mockk:mockk:1.13.4=testCompileClasspath,testImplementationDependenciesMetadata,testRuntimeClasspath
io.netty:netty-all:4.1.89.Final=testRuntimeClasspath
io.netty:netty-buffer:4.1.89.Final=testRuntimeClasspath
io.netty:netty-codec-dns:4.1.89.Final=testRuntimeClasspath
io.netty:netty-codec-haproxy:4.1.89.Final=testRuntimeClasspath
io.netty:netty-codec-http2:4.1.89.Final=testRuntimeClasspath
io.netty:netty-codec-http:4.1.89.Final=testRuntimeClasspath
io.netty:netty-codec-memcache:4.1.89.Final=testRuntimeClasspath
io.netty:netty-codec-mqtt:4.1.89.Final=testRuntimeClasspath
io.netty:netty-codec-redis:4.1.89.Final=testRuntimeClasspath
io.netty:netty-codec-smtp:4.1.89.Final=testRuntimeClasspath
io.netty:netty-codec-socks:4.1.89.Final=testRuntimeClasspath
io.netty:netty-codec-stomp:4.1.89.Final=testRuntimeClasspath
io.netty:netty-codec-xml:4.1.89.Final=testRuntimeClasspath
io.netty:netty-codec:4.1.89.Final=testRuntimeClasspath
io.netty:netty-common:4.1.89.Final=testRuntimeClasspath
io.netty:netty-handler-proxy:4.1.89.Final=testRuntimeClasspath
io.netty:netty-handler-ssl-ocsp:4.1.89.Final=testRuntimeClasspath
io.netty:netty-handler:4.1.89.Final=testRuntimeClasspath
io.netty:netty-resolver-dns-classes-macos:4.1.89.Final=testRuntimeClasspath
io.netty:netty-resolver-dns-native-macos:4.1.89.Final=testRuntimeClasspath
io.netty:netty-resolver-dns:4.1.89.Final=testRuntimeClasspath
io.netty:netty-resolver:4.1.89.Final=testRuntimeClasspath
io.netty:netty-transport-classes-epoll:4.1.89.Final=testRuntimeClasspath
io.netty:netty-transport-classes-kqueue:4.1.89.Final=testRuntimeClasspath
io.netty:netty-transport-native-epoll:4.1.89.Final=testRuntimeClasspath
io.netty:netty-transport-native-kqueue:4.1.89.Final=testRuntimeClasspath
io.netty:netty-transport-native-unix-common:4.1.89.Final=testRuntimeClasspath
io.netty:netty-transport-rxtx:4.1.89.Final=testRuntimeClasspath
io.netty:netty-transport-sctp:4.1.89.Final=testRuntimeClasspath
io.netty:netty-transport-udt:4.1.89.Final=testRuntimeClasspath
io.netty:netty-transport:4.1.89.Final=testRuntimeClasspath
io.prometheus:simpleclient:0.16.0=compileClasspath,implementationDependenciesMetadata,runtimeClasspath,testCompileClasspath,testImplementationDependenciesMetadata,testRuntimeClasspath
io.prometheus:simpleclient_common:0.16.0=compileClasspath,implementationDependenciesMetadata,runtimeClasspath,testCompileClasspath,testImplementationDependenciesMetadata,testRuntimeClasspath
io.prometheus:simpleclient_hotspot:0.16.0=runtimeClasspath,testRuntimeClasspath
io.prometheus:simpleclient_tracer_common:0.16.0=compileClasspath,implementationDependenciesMetadata,runtimeClasspath,testCompileClasspath,testImplementationDependenciesMetadata,testRuntimeClasspath
io.prometheus:simpleclient_tracer_otel:0.16.0=compileClasspath,implementationDependenciesMetadata,runtimeClasspath,testCompileClasspath,testImplementationDependenciesMetadata,testRuntimeClasspath
io.prometheus:simpleclient_tracer_otel_agent:0.16.0=compileClasspath,implementationDependenciesMetadata,runtimeClasspath,testCompileClasspath,testImplementationDependenciesMetadata,testRuntimeClasspath
jakarta.activation:jakarta.activation-api:2.1.1=compileClasspath,implementationDependenciesMetadata,runtimeClasspath,testCompileClasspath,testImplementationDependenciesMetadata,testRuntimeClasspath
jakarta.annotation:jakarta.annotation-api:2.0.0=compileClasspath,implementationDependenciesMetadata,runtimeClasspath,testCompileClasspath,testImplementationDependenciesMetadata,testRuntimeClasspath
jakarta.jms:jakarta.jms-api:3.1.0=compileClasspath,implementationDependenciesMetadata,runtimeClasspath,testCompileClasspath,testImplementationDependenciesMetadata,testRuntimeClasspath
jakarta.jws:jakarta.jws-api:3.0.0=compileClasspath,implementationDependenciesMetadata,runtimeClasspath,testCompileClasspath,testImplementationDependenciesMetadata,testRuntimeClasspath
jakarta.validation:jakarta.validation-api:3.0.2=compileClasspath,implementationDependenciesMetadata,runtimeClasspath,testCompileClasspath,testImplementationDependenciesMetadata,testRuntimeClasspath
jakarta.xml.bind:jakarta.xml.bind-api:4.0.0=compileClasspath,implementationDependenciesMetadata,runtimeClasspath,testCompileClasspath,testImplementationDependenciesMetadata,testRuntimeClasspath
jakarta.xml.soap:jakarta.xml.soap-api:2.0.0=compileClasspath,implementationDependenciesMetadata,runtimeClasspath,testCompileClasspath,testImplementationDependenciesMetadata,testRuntimeClasspath
jakarta.xml.ws:jakarta.xml.ws-api:3.0.0=compileClasspath,implementationDependenciesMetadata,runtimeClasspath,testCompileClasspath,testImplementationDependenciesMetadata,testRuntimeClasspath
javax.servlet:javax.servlet-api:3.1.0=testCompileClasspath,testImplementationDependenciesMetadata,testRuntimeClasspath
joda-time:joda-time:2.11.0=runtimeClasspath,testRuntimeClasspath
junit:junit:4.13.2=testCompileClasspath,testImplementationDependenciesMetadata,testRuntimeClasspath
net.bytebuddy:byte-buddy-agent:1.12.20=testCompileClasspath,testRuntimeClasspath
net.bytebuddy:byte-buddy:1.12.20=testCompileClasspath,testRuntimeClasspath
net.java.dev.jna:jna-platform:5.9.0=testRuntimeClasspath
net.java.dev.jna:jna:5.12.1=testCompileClasspath,testImplementationDependenciesMetadata,testRuntimeClasspath
net.java.dev.jna:jna:5.6.0=kotlinCompilerClasspath,kotlinKlibCommonizerClasspath
net.javacrumbs.json-unit:json-unit-core:2.36.0=testCompileClasspath,testImplementationDependenciesMetadata,testRuntimeClasspath
net.logstash.logback:logstash-logback-encoder:7.3=compileClasspath,implementationDependenciesMetadata,runtimeClasspath,testCompileClasspath,testImplementationDependenciesMetadata,testRuntimeClasspath
net.minidev:accessors-smart:2.4.7=testCompileClasspath,testImplementationDependenciesMetadata
net.minidev:accessors-smart:2.4.8=testRuntimeClasspath
net.minidev:accessors-smart:2.4.9=compileClasspath,implementationDependenciesMetadata,runtimeClasspath
net.minidev:json-smart:2.4.10=compileClasspath,implementationDependenciesMetadata,runtimeClasspath
net.minidev:json-smart:2.4.7=testCompileClasspath,testImplementationDependenciesMetadata
net.minidev:json-smart:2.4.8=testRuntimeClasspath
net.sf.jopt-simple:jopt-simple:5.0.4=testCompileClasspath,testImplementationDependenciesMetadata,testRuntimeClasspath
no.nav.etterlatte:common:2023.03.28-16.21.c37f68b0da69=runtimeClasspath,testRuntimeClasspath
no.nav.security:mock-oauth2-server:0.5.8=testCompileClasspath,testImplementationDependenciesMetadata,testRuntimeClasspath
no.nav.security:token-client-core:3.1.0=compileClasspath,implementationDependenciesMetadata,runtimeClasspath,testCompileClasspath,testImplementationDependenciesMetadata,testRuntimeClasspath
no.nav.security:token-validation-core:3.1.0=compileClasspath,implementationDependenciesMetadata,runtimeClasspath,testCompileClasspath,testImplementationDependenciesMetadata,testRuntimeClasspath
no.nav.security:token-validation-ktor-v2:3.1.0=compileClasspath,implementationDependenciesMetadata,runtimeClasspath,testCompileClasspath,testImplementationDependenciesMetadata,testRuntimeClasspath
org.apache.commons:commons-compress:1.23.0=testCompileClasspath,testImplementationDependenciesMetadata,testRuntimeClasspath
org.apache.commons:commons-lang3:3.12.0=testCompileClasspath,testImplementationDependenciesMetadata,testRuntimeClasspath
org.apache.commons:commons-pool2:2.11.1=compileClasspath,implementationDependenciesMetadata,runtimeClasspath,testCompileClasspath,testImplementationDependenciesMetadata,testRuntimeClasspath
org.apache.httpcomponents.client5:httpclient5:5.1.3=testCompileClasspath,testImplementationDependenciesMetadata,testRuntimeClasspath
org.apache.httpcomponents.core5:httpcore5-h2:5.1.3=testCompileClasspath,testImplementationDependenciesMetadata,testRuntimeClasspath
org.apache.httpcomponents.core5:httpcore5:5.1.3=testCompileClasspath,testImplementationDependenciesMetadata,testRuntimeClasspath
org.apache.httpcomponents:httpasyncclient:4.1.5=testCompileClasspath,testRuntimeClasspath
org.apache.httpcomponents:httpclient:4.5.13=testCompileClasspath,testRuntimeClasspath
org.apache.httpcomponents:httpcore-nio:4.4.15=testCompileClasspath,testRuntimeClasspath
org.apache.httpcomponents:httpcore:4.4.15=testCompileClasspath,testRuntimeClasspath
org.apache.kafka:kafka-clients:3.4.0=compileClasspath,implementationDependenciesMetadata,runtimeClasspath,testCompileClasspath,testImplementationDependenciesMetadata,testRuntimeClasspath
org.apiguardian:apiguardian-api:1.1.2=testCompileClasspath,testImplementationDependenciesMetadata
org.bouncycastle:bcpkix-jdk15on:1.70=testRuntimeClasspath
org.bouncycastle:bcpkix-jdk15to18:1.72=compileClasspath,implementationDependenciesMetadata,runtimeClasspath,testCompileClasspath,testImplementationDependenciesMetadata,testRuntimeClasspath
org.bouncycastle:bcprov-jdk15on:1.70=testRuntimeClasspath
org.bouncycastle:bcprov-jdk15to18:1.72=compileClasspath,implementationDependenciesMetadata,runtimeClasspath,testCompileClasspath,testImplementationDependenciesMetadata,testRuntimeClasspath
org.bouncycastle:bcutil-jdk15on:1.70=testRuntimeClasspath
org.bouncycastle:bcutil-jdk15to18:1.72=compileClasspath,implementationDependenciesMetadata,runtimeClasspath,testCompileClasspath,testImplementationDependenciesMetadata,testRuntimeClasspath
org.checkerframework:checker-qual:3.33.0=compileClasspath,implementationDependenciesMetadata,runtimeClasspath,testCompileClasspath,testImplementationDependenciesMetadata,testRuntimeClasspath
org.codehaus.woodstox:stax2-api:4.2.1=compileClasspath,implementationDependenciesMetadata,runtimeClasspath,testCompileClasspath,testImplementationDependenciesMetadata,testRuntimeClasspath
org.eclipse.angus:angus-activation:2.0.0=runtimeClasspath,testRuntimeClasspath
org.eclipse.jetty.http2:http2-common:9.4.49.v20220914=testCompileClasspath,testImplementationDependenciesMetadata,testRuntimeClasspath
org.eclipse.jetty.http2:http2-hpack:9.4.49.v20220914=testCompileClasspath,testImplementationDependenciesMetadata,testRuntimeClasspath
org.eclipse.jetty.http2:http2-server:9.4.49.v20220914=testCompileClasspath,testImplementationDependenciesMetadata,testRuntimeClasspath
org.eclipse.jetty:jetty-alpn-client:9.4.49.v20220914=testCompileClasspath,testImplementationDependenciesMetadata,testRuntimeClasspath
org.eclipse.jetty:jetty-alpn-java-client:9.4.49.v20220914=testCompileClasspath,testImplementationDependenciesMetadata,testRuntimeClasspath
org.eclipse.jetty:jetty-alpn-java-server:9.4.49.v20220914=testCompileClasspath,testImplementationDependenciesMetadata,testRuntimeClasspath
org.eclipse.jetty:jetty-alpn-openjdk8-client:9.4.49.v20220914=testCompileClasspath,testImplementationDependenciesMetadata,testRuntimeClasspath
org.eclipse.jetty:jetty-alpn-openjdk8-server:9.4.49.v20220914=testCompileClasspath,testImplementationDependenciesMetadata,testRuntimeClasspath
org.eclipse.jetty:jetty-alpn-server:9.4.49.v20220914=testCompileClasspath,testImplementationDependenciesMetadata,testRuntimeClasspath
org.eclipse.jetty:jetty-bom:9.4.49.v20220914=testCompileClasspath,testImplementationDependenciesMetadata,testRuntimeClasspath
org.eclipse.jetty:jetty-client:9.4.49.v20220914=testCompileClasspath,testImplementationDependenciesMetadata,testRuntimeClasspath
org.eclipse.jetty:jetty-continuation:9.4.49.v20220914=testCompileClasspath,testImplementationDependenciesMetadata,testRuntimeClasspath
org.eclipse.jetty:jetty-http:9.4.49.v20220914=testCompileClasspath,testImplementationDependenciesMetadata,testRuntimeClasspath
org.eclipse.jetty:jetty-io:9.4.49.v20220914=testCompileClasspath,testImplementationDependenciesMetadata,testRuntimeClasspath
org.eclipse.jetty:jetty-proxy:9.4.49.v20220914=testCompileClasspath,testImplementationDependenciesMetadata,testRuntimeClasspath
org.eclipse.jetty:jetty-security:9.4.49.v20220914=testCompileClasspath,testImplementationDependenciesMetadata,testRuntimeClasspath
org.eclipse.jetty:jetty-server:9.4.49.v20220914=testCompileClasspath,testImplementationDependenciesMetadata,testRuntimeClasspath
org.eclipse.jetty:jetty-servlet:9.4.49.v20220914=testCompileClasspath,testImplementationDependenciesMetadata,testRuntimeClasspath
org.eclipse.jetty:jetty-servlets:9.4.49.v20220914=testCompileClasspath,testImplementationDependenciesMetadata,testRuntimeClasspath
org.eclipse.jetty:jetty-util-ajax:9.4.49.v20220914=testCompileClasspath,testImplementationDependenciesMetadata,testRuntimeClasspath
org.eclipse.jetty:jetty-util:9.4.49.v20220914=testCompileClasspath,testImplementationDependenciesMetadata,testRuntimeClasspath
org.eclipse.jetty:jetty-webapp:9.4.49.v20220914=testCompileClasspath,testImplementationDependenciesMetadata,testRuntimeClasspath
org.eclipse.jetty:jetty-xml:9.4.49.v20220914=testCompileClasspath,testImplementationDependenciesMetadata,testRuntimeClasspath
org.flywaydb:flyway-core:9.19.1=compileClasspath,implementationDependenciesMetadata,runtimeClasspath,testCompileClasspath,testImplementationDependenciesMetadata,testRuntimeClasspath
org.freemarker:freemarker:2.3.32=testRuntimeClasspath
org.fusesource.jansi:jansi:2.4.0=runtimeClasspath,testRuntimeClasspath
org.glassfish.external:management-api:3.2.3=compileClasspath,implementationDependenciesMetadata,runtimeClasspath,testCompileClasspath,testImplementationDependenciesMetadata,testRuntimeClasspath
org.glassfish.gmbal:gmbal-api-only:4.0.2=compileClasspath,implementationDependenciesMetadata,runtimeClasspath,testCompileClasspath,testImplementationDependenciesMetadata,testRuntimeClasspath
org.glassfish.ha:ha-api:3.1.12=compileClasspath,implementationDependenciesMetadata,runtimeClasspath,testCompileClasspath,testImplementationDependenciesMetadata,testRuntimeClasspath
org.glassfish.jaxb:jaxb-core:4.0.2=compileClasspath,implementationDependenciesMetadata,runtimeClasspath,testCompileClasspath,testImplementationDependenciesMetadata,testRuntimeClasspath
org.glassfish.jaxb:jaxb-runtime:4.0.2=compileClasspath,implementationDependenciesMetadata,runtimeClasspath,testCompileClasspath,testImplementationDependenciesMetadata,testRuntimeClasspath
org.glassfish.jaxb:txw2:4.0.2=compileClasspath,implementationDependenciesMetadata,runtimeClasspath,testCompileClasspath,testImplementationDependenciesMetadata,testRuntimeClasspath
org.hamcrest:hamcrest-core:2.2=testCompileClasspath,testImplementationDependenciesMetadata,testRuntimeClasspath
org.hamcrest:hamcrest:2.2=testCompileClasspath,testImplementationDependenciesMetadata,testRuntimeClasspath
org.hdrhistogram:HdrHistogram:2.1.12=runtimeClasspath,testRuntimeClasspath
org.jetbrains.intellij.deps:trove4j:1.0.20200330=kotlinCompilerClasspath,kotlinKlibCommonizerClasspath
org.jetbrains.kotlin:kotlin-compiler-embeddable:1.8.21=kotlinCompilerClasspath,kotlinKlibCommonizerClasspath
org.jetbrains.kotlin:kotlin-daemon-embeddable:1.8.21=kotlinCompilerClasspath,kotlinKlibCommonizerClasspath
org.jetbrains.kotlin:kotlin-klib-commonizer-embeddable:1.8.21=kotlinKlibCommonizerClasspath
org.jetbrains.kotlin:kotlin-reflect:1.6.10=kotlinCompilerClasspath,kotlinKlibCommonizerClasspath
org.jetbrains.kotlin:kotlin-reflect:1.8.21=compileClasspath,implementationDependenciesMetadata,runtimeClasspath,testCompileClasspath,testImplementationDependenciesMetadata,testRuntimeClasspath
org.jetbrains.kotlin:kotlin-script-runtime:1.8.21=kotlinCompilerClasspath,kotlinCompilerPluginClasspathMain,kotlinCompilerPluginClasspathTest,kotlinKlibCommonizerClasspath
org.jetbrains.kotlin:kotlin-scripting-common:1.8.21=kotlinCompilerPluginClasspathMain,kotlinCompilerPluginClasspathTest
org.jetbrains.kotlin:kotlin-scripting-compiler-embeddable:1.8.21=kotlinCompilerPluginClasspathMain,kotlinCompilerPluginClasspathTest
org.jetbrains.kotlin:kotlin-scripting-compiler-impl-embeddable:1.8.21=kotlinCompilerPluginClasspathMain,kotlinCompilerPluginClasspathTest
org.jetbrains.kotlin:kotlin-scripting-jvm:1.8.21=kotlinCompilerPluginClasspathMain,kotlinCompilerPluginClasspathTest
org.jetbrains.kotlin:kotlin-stdlib-common:1.8.21=compileClasspath,implementationDependenciesMetadata,kotlinCompilerClasspath,kotlinCompilerPluginClasspathMain,kotlinCompilerPluginClasspathTest,kotlinKlibCommonizerClasspath,runtimeClasspath,testCompileClasspath,testImplementationDependenciesMetadata,testRuntimeClasspath
org.jetbrains.kotlin:kotlin-stdlib-jdk7:1.8.21=compileClasspath,implementationDependenciesMetadata,runtimeClasspath,testCompileClasspath,testImplementationDependenciesMetadata,testRuntimeClasspath
org.jetbrains.kotlin:kotlin-stdlib-jdk8:1.8.21=compileClasspath,implementationDependenciesMetadata,runtimeClasspath,testCompileClasspath,testImplementationDependenciesMetadata,testRuntimeClasspath
org.jetbrains.kotlin:kotlin-stdlib:1.8.21=compileClasspath,implementationDependenciesMetadata,kotlinCompilerClasspath,kotlinCompilerPluginClasspathMain,kotlinCompilerPluginClasspathTest,kotlinKlibCommonizerClasspath,runtimeClasspath,testCompileClasspath,testImplementationDependenciesMetadata,testRuntimeClasspath
org.jetbrains.kotlinx:atomicfu:0.19.0=implementationDependenciesMetadata
org.jetbrains.kotlinx:atomicfu:0.20.2=testImplementationDependenciesMetadata
org.jetbrains.kotlinx:kotlinx-coroutines-bom:1.6.4=compileClasspath,implementationDependenciesMetadata,runtimeClasspath,testImplementationDependenciesMetadata
org.jetbrains.kotlinx:kotlinx-coroutines-bom:1.7.1=testCompileClasspath,testRuntimeClasspath
org.jetbrains.kotlinx:kotlinx-coroutines-core-jvm:1.6.4=compileClasspath,runtimeClasspath
org.jetbrains.kotlinx:kotlinx-coroutines-core-jvm:1.7.1=testCompileClasspath,testRuntimeClasspath
org.jetbrains.kotlinx:kotlinx-coroutines-core:1.6.4=compileClasspath,implementationDependenciesMetadata,runtimeClasspath
org.jetbrains.kotlinx:kotlinx-coroutines-core:1.7.1=testCompileClasspath,testImplementationDependenciesMetadata,testRuntimeClasspath
org.jetbrains.kotlinx:kotlinx-coroutines-debug:1.7.1=testRuntimeClasspath
org.jetbrains.kotlinx:kotlinx-coroutines-jdk8:1.6.4=compileClasspath,implementationDependenciesMetadata,runtimeClasspath,testImplementationDependenciesMetadata
org.jetbrains.kotlinx:kotlinx-coroutines-jdk8:1.7.1=testCompileClasspath,testRuntimeClasspath
org.jetbrains.kotlinx:kotlinx-coroutines-slf4j:1.6.4=runtimeClasspath
org.jetbrains.kotlinx:kotlinx-coroutines-slf4j:1.7.1=testRuntimeClasspath
org.jetbrains.kotlinx:kotlinx-serialization-bom:1.5.1=compileClasspath,runtimeClasspath,testCompileClasspath,testRuntimeClasspath
org.jetbrains.kotlinx:kotlinx-serialization-core-jvm:1.5.1=compileClasspath,runtimeClasspath,testCompileClasspath,testRuntimeClasspath
org.jetbrains.kotlinx:kotlinx-serialization-core:1.5.1=compileClasspath,implementationDependenciesMetadata,runtimeClasspath,testCompileClasspath,testImplementationDependenciesMetadata,testRuntimeClasspath
org.jetbrains.kotlinx:kotlinx-serialization-json-jvm:1.5.1=compileClasspath,runtimeClasspath,testCompileClasspath,testRuntimeClasspath
org.jetbrains.kotlinx:kotlinx-serialization-json:1.5.1=compileClasspath,implementationDependenciesMetadata,runtimeClasspath,testCompileClasspath,testImplementationDependenciesMetadata,testRuntimeClasspath
org.jetbrains:annotations:13.0=compileClasspath,implementationDependenciesMetadata,kotlinCompilerClasspath,kotlinCompilerPluginClasspathMain,kotlinCompilerPluginClasspathTest,kotlinKlibCommonizerClasspath,runtimeClasspath
org.jetbrains:annotations:17.0.0=testImplementationDependenciesMetadata
org.jetbrains:annotations:23.0.0=testCompileClasspath,testRuntimeClasspath
org.json:json:20220924=compileClasspath,implementationDependenciesMetadata,runtimeClasspath,testCompileClasspath,testImplementationDependenciesMetadata,testRuntimeClasspath
org.junit.jupiter:junit-jupiter-api:5.9.3=testCompileClasspath,testImplementationDependenciesMetadata,testRuntimeClasspath
org.junit.jupiter:junit-jupiter-engine:5.9.3=testRuntimeClasspath
org.junit.jupiter:junit-jupiter-params:5.9.3=testCompileClasspath,testImplementationDependenciesMetadata,testRuntimeClasspath
org.junit.jupiter:junit-jupiter:5.9.3=testRuntimeClasspath
org.junit.platform:junit-platform-commons:1.9.3=testCompileClasspath,testImplementationDependenciesMetadata,testRuntimeClasspath
org.junit.platform:junit-platform-engine:1.9.3=testRuntimeClasspath
org.junit:junit-bom:5.9.3=testCompileClasspath,testImplementationDependenciesMetadata,testRuntimeClasspath
org.jvnet.mimepull:mimepull:1.9.13=compileClasspath,implementationDependenciesMetadata,runtimeClasspath,testCompileClasspath,testImplementationDependenciesMetadata,testRuntimeClasspath
org.jvnet.staxex:stax-ex:2.0.0=compileClasspath,implementationDependenciesMetadata,runtimeClasspath,testCompileClasspath,testImplementationDependenciesMetadata,testRuntimeClasspath
org.latencyutils:LatencyUtils:2.0.3=runtimeClasspath,testRuntimeClasspath
org.lz4:lz4-java:1.8.0=runtimeClasspath,testRuntimeClasspath
org.messaginghub:pooled-jms:3.1.0=compileClasspath,implementationDependenciesMetadata,runtimeClasspath,testCompileClasspath,testImplementationDependenciesMetadata,testRuntimeClasspath
org.objenesis:objenesis:3.3=testCompileClasspath,testRuntimeClasspath
org.opentest4j:opentest4j:1.2.0=testCompileClasspath,testImplementationDependenciesMetadata,testRuntimeClasspath
org.ow2.asm:asm:9.3=compileClasspath,implementationDependenciesMetadata,runtimeClasspath
org.ow2.asm:asm:9.4=testCompileClasspath,testImplementationDependenciesMetadata,testRuntimeClasspath
org.postgresql:postgresql:42.6.0=compileClasspath,implementationDependenciesMetadata,runtimeClasspath,testCompileClasspath,testImplementationDependenciesMetadata,testRuntimeClasspath
org.rnorth.duct-tape:duct-tape:1.0.8=testCompileClasspath,testImplementationDependenciesMetadata,testRuntimeClasspath
org.slf4j:slf4j-api:2.0.7=compileClasspath,implementationDependenciesMetadata,runtimeClasspath,testCompileClasspath,testImplementationDependenciesMetadata,testRuntimeClasspath
org.testcontainers:database-commons:1.18.3=testCompileClasspath,testImplementationDependenciesMetadata,testRuntimeClasspath
org.testcontainers:jdbc:1.18.3=testCompileClasspath,testImplementationDependenciesMetadata,testRuntimeClasspath
org.testcontainers:junit-jupiter:1.18.3=testCompileClasspath,testImplementationDependenciesMetadata,testRuntimeClasspath
org.testcontainers:postgresql:1.18.3=testCompileClasspath,testImplementationDependenciesMetadata,testRuntimeClasspath
org.testcontainers:testcontainers:1.18.3=testCompileClasspath,testImplementationDependenciesMetadata,testRuntimeClasspath
org.xerial.snappy:snappy-java:1.1.8.4=runtimeClasspath,testRuntimeClasspath
org.xmlunit:xmlunit-core:2.9.0=testCompileClasspath,testImplementationDependenciesMetadata,testRuntimeClasspath
org.xmlunit:xmlunit-legacy:2.9.0=testCompileClasspath,testImplementationDependenciesMetadata,testRuntimeClasspath
org.xmlunit:xmlunit-placeholders:2.9.0=testCompileClasspath,testImplementationDependenciesMetadata,testRuntimeClasspath
empty=annotationProcessor,apiDependenciesMetadata,compileOnlyDependenciesMetadata,intransitiveDependenciesMetadata,kotlinCompilerPluginClasspath,kotlinNativeCompilerPluginClasspath,kotlinScriptDef,kotlinScriptDefExtensions,permitTestUnusedDeclared,permitUnusedDeclared,testAnnotationProcessor,testApiDependenciesMetadata,testCompileOnlyDependenciesMetadata,testIntransitiveDependenciesMetadata,testKotlinScriptDef,testKotlinScriptDefExtensions
