# THIS IS AN AUTOGENERATED FILE. DO NOT EDIT THIS FILE DIRECTLY.
# yarn lockfile v1


"@types/canvas-confetti@^1.9.0":
  version "1.9.0"
  resolved "https://registry.yarnpkg.com/@types/canvas-confetti/-/canvas-confetti-1.9.0.tgz#d1077752e046413c9881fbb2ba34a70ebe3c1773"
  integrity sha512-aBGj/dULrimR1XDZLtG9JwxX1b4HPRF6CX9Yfwh3NvstZEm1ZL7RBnel4keCPSqs1ANRu1u2Aoz9R+VmtjYuTg==

canvas-confetti@^1.9.3:
  version "1.9.3"
  resolved "https://registry.yarnpkg.com/canvas-confetti/-/canvas-confetti-1.9.3.tgz#ef4c857420ad8045ab4abe8547261c8cdf229845"
  integrity sha512-rFfTURMvmVEX1gyXFgn5QMn81bYk70qa0HLzcIOSVEyl57n6o9ItHeBtUSWdvKAPY0xlvBHno4/v3QPrT83q9g==
