# This is a Gradle generated file for dependency locking.
# Manual edits can break the build and are not advised.
# This file is expected to be part of source control.
ch.qos.logback:logback-classic:1.4.7=testCompileClasspath,testImplementationDependenciesMetadata,testRuntimeClasspath
ch.qos.logback:logback-core:1.4.7=testCompileClasspath,testImplementationDependenciesMetadata,testRuntimeClasspath
com.fasterxml.jackson.core:jackson-annotations:2.15.2=apiDependenciesMetadata,compileClasspath,implementationDependenciesMetadata,runtimeClasspath,testCompileClasspath,testImplementationDependenciesMetadata,testRuntimeClasspath
com.fasterxml.jackson.core:jackson-core:2.15.2=apiDependenciesMetadata,compileClasspath,implementationDependenciesMetadata,runtimeClasspath,testCompileClasspath,testImplementationDependenciesMetadata,testRuntimeClasspath
com.fasterxml.jackson.core:jackson-databind:2.15.2=apiDependenciesMetadata,compileClasspath,implementationDependenciesMetadata,runtimeClasspath,testCompileClasspath,testImplementationDependenciesMetadata,testRuntimeClasspath
com.fasterxml.jackson.datatype:jackson-datatype-jdk8:2.15.2=apiDependenciesMetadata,compileClasspath,implementationDependenciesMetadata,runtimeClasspath,testCompileClasspath,testImplementationDependenciesMetadata,testRuntimeClasspath
com.fasterxml.jackson.datatype:jackson-datatype-jsr310:2.15.2=apiDependenciesMetadata,compileClasspath,implementationDependenciesMetadata,runtimeClasspath,testCompileClasspath,testImplementationDependenciesMetadata,testRuntimeClasspath
com.fasterxml.jackson.module:jackson-module-kotlin:2.15.2=apiDependenciesMetadata,compileClasspath,implementationDependenciesMetadata,runtimeClasspath,testCompileClasspath,testImplementationDependenciesMetadata,testRuntimeClasspath
com.fasterxml.jackson:jackson-bom:2.15.2=apiDependenciesMetadata,compileClasspath,implementationDependenciesMetadata,runtimeClasspath,testCompileClasspath,testImplementationDependenciesMetadata,testRuntimeClasspath
io.github.java-diff-utils:java-diff-utils:4.12=testRuntimeClasspath
io.kotest:kotest-assertions-api-jvm:5.5.5=testCompileClasspath,testRuntimeClasspath
io.kotest:kotest-assertions-api:5.5.5=testCompileClasspath,testImplementationDependenciesMetadata,testRuntimeClasspath
io.kotest:kotest-assertions-core-jvm:5.5.5=testCompileClasspath,testRuntimeClasspath
io.kotest:kotest-assertions-core:5.5.5=testCompileClasspath,testImplementationDependenciesMetadata,testRuntimeClasspath
io.kotest:kotest-assertions-shared-jvm:5.5.5=testCompileClasspath,testRuntimeClasspath
io.kotest:kotest-assertions-shared:5.5.5=testCompileClasspath,testImplementationDependenciesMetadata,testRuntimeClasspath
io.kotest:kotest-common-jvm:5.5.5=testRuntimeClasspath
io.kotest:kotest-common:5.5.5=testImplementationDependenciesMetadata,testRuntimeClasspath
io.ktor:ktor-client-auth-jvm:2.1.1=runtimeClasspath,testRuntimeClasspath
io.ktor:ktor-client-auth:2.1.1=runtimeClasspath,testRuntimeClasspath
io.ktor:ktor-client-content-negotiation-jvm:2.1.1=runtimeClasspath,testRuntimeClasspath
io.ktor:ktor-client-content-negotiation:2.1.1=runtimeClasspath,testRuntimeClasspath
io.ktor:ktor-client-core-jvm:2.1.1=runtimeClasspath,testRuntimeClasspath
io.ktor:ktor-client-core:2.1.1=runtimeClasspath,testRuntimeClasspath
io.ktor:ktor-client-logging-jvm:2.1.1=runtimeClasspath,testRuntimeClasspath
io.ktor:ktor-events-jvm:2.1.1=runtimeClasspath,testRuntimeClasspath
io.ktor:ktor-events:2.1.1=runtimeClasspath,testRuntimeClasspath
io.ktor:ktor-http-jvm:2.1.1=runtimeClasspath,testRuntimeClasspath
io.ktor:ktor-http:2.1.1=runtimeClasspath,testRuntimeClasspath
io.ktor:ktor-io-jvm:2.1.1=runtimeClasspath,testRuntimeClasspath
io.ktor:ktor-io:2.1.1=runtimeClasspath,testRuntimeClasspath
io.ktor:ktor-serialization-jackson-jvm:2.1.1=runtimeClasspath,testRuntimeClasspath
io.ktor:ktor-serialization-jackson:2.1.1=runtimeClasspath,testRuntimeClasspath
io.ktor:ktor-serialization-jvm:2.1.1=runtimeClasspath,testRuntimeClasspath
io.ktor:ktor-serialization:2.1.1=runtimeClasspath,testRuntimeClasspath
io.ktor:ktor-utils-jvm:2.1.1=runtimeClasspath,testRuntimeClasspath
io.ktor:ktor-utils:2.1.1=runtimeClasspath,testRuntimeClasspath
io.ktor:ktor-websocket-serialization-jvm:2.1.1=runtimeClasspath,testRuntimeClasspath
io.ktor:ktor-websocket-serialization:2.1.1=runtimeClasspath,testRuntimeClasspath
io.ktor:ktor-websockets-jvm:2.1.1=runtimeClasspath,testRuntimeClasspath
io.ktor:ktor-websockets:2.1.1=runtimeClasspath,testRuntimeClasspath
net.java.dev.jna:jna:5.6.0=kotlinCompilerClasspath,kotlinKlibCommonizerClasspath
no.nav.etterlatte:common:2023.03.28-16.21.c37f68b0da69=compileClasspath,implementationDependenciesMetadata,runtimeClasspath,testCompileClasspath,testImplementationDependenciesMetadata,testRuntimeClasspath
org.apiguardian:apiguardian-api:1.1.2=testCompileClasspath,testImplementationDependenciesMetadata
org.jetbrains.intellij.deps:trove4j:1.0.20200330=kotlinCompilerClasspath,kotlinKlibCommonizerClasspath
org.jetbrains.kotlin:kotlin-compiler-embeddable:1.8.21=kotlinCompilerClasspath,kotlinKlibCommonizerClasspath
org.jetbrains.kotlin:kotlin-daemon-embeddable:1.8.21=kotlinCompilerClasspath,kotlinKlibCommonizerClasspath
org.jetbrains.kotlin:kotlin-klib-commonizer-embeddable:1.8.21=kotlinKlibCommonizerClasspath
org.jetbrains.kotlin:kotlin-reflect:1.6.10=kotlinCompilerClasspath,kotlinKlibCommonizerClasspath
org.jetbrains.kotlin:kotlin-reflect:1.8.21=apiDependenciesMetadata,compileClasspath,implementationDependenciesMetadata,runtimeClasspath,testCompileClasspath,testImplementationDependenciesMetadata,testRuntimeClasspath
org.jetbrains.kotlin:kotlin-script-runtime:1.8.21=kotlinCompilerClasspath,kotlinCompilerPluginClasspathMain,kotlinCompilerPluginClasspathTest,kotlinKlibCommonizerClasspath
org.jetbrains.kotlin:kotlin-scripting-common:1.8.21=kotlinCompilerPluginClasspathMain,kotlinCompilerPluginClasspathTest
org.jetbrains.kotlin:kotlin-scripting-compiler-embeddable:1.8.21=kotlinCompilerPluginClasspathMain,kotlinCompilerPluginClasspathTest
org.jetbrains.kotlin:kotlin-scripting-compiler-impl-embeddable:1.8.21=kotlinCompilerPluginClasspathMain,kotlinCompilerPluginClasspathTest
org.jetbrains.kotlin:kotlin-scripting-jvm:1.8.21=kotlinCompilerPluginClasspathMain,kotlinCompilerPluginClasspathTest
org.jetbrains.kotlin:kotlin-stdlib-common:1.8.21=apiDependenciesMetadata,compileClasspath,implementationDependenciesMetadata,kotlinCompilerClasspath,kotlinCompilerPluginClasspathMain,kotlinCompilerPluginClasspathTest,kotlinKlibCommonizerClasspath,runtimeClasspath,testCompileClasspath,testImplementationDependenciesMetadata,testRuntimeClasspath
org.jetbrains.kotlin:kotlin-stdlib-jdk7:1.8.21=runtimeClasspath,testCompileClasspath,testRuntimeClasspath
org.jetbrains.kotlin:kotlin-stdlib-jdk8:1.8.21=runtimeClasspath,testCompileClasspath,testRuntimeClasspath
org.jetbrains.kotlin:kotlin-stdlib:1.8.21=apiDependenciesMetadata,compileClasspath,implementationDependenciesMetadata,kotlinCompilerClasspath,kotlinCompilerPluginClasspathMain,kotlinCompilerPluginClasspathTest,kotlinKlibCommonizerClasspath,runtimeClasspath,testCompileClasspath,testImplementationDependenciesMetadata,testRuntimeClasspath
org.jetbrains.kotlinx:atomicfu:0.17.3=testImplementationDependenciesMetadata
org.jetbrains.kotlinx:kotlinx-coroutines-bom:1.6.4=runtimeClasspath,testRuntimeClasspath
org.jetbrains.kotlinx:kotlinx-coroutines-core-jvm:1.6.4=runtimeClasspath,testRuntimeClasspath
org.jetbrains.kotlinx:kotlinx-coroutines-core:1.6.4=runtimeClasspath,testImplementationDependenciesMetadata,testRuntimeClasspath
org.jetbrains.kotlinx:kotlinx-coroutines-jdk8:1.6.4=runtimeClasspath,testRuntimeClasspath
org.jetbrains.kotlinx:kotlinx-coroutines-slf4j:1.6.4=runtimeClasspath,testRuntimeClasspath
org.jetbrains:annotations:13.0=apiDependenciesMetadata,compileClasspath,implementationDependenciesMetadata,kotlinCompilerClasspath,kotlinCompilerPluginClasspathMain,kotlinCompilerPluginClasspathTest,kotlinKlibCommonizerClasspath,runtimeClasspath,testCompileClasspath,testImplementationDependenciesMetadata,testRuntimeClasspath
org.junit.jupiter:junit-jupiter-api:5.9.3=testCompileClasspath,testImplementationDependenciesMetadata,testRuntimeClasspath
org.junit.jupiter:junit-jupiter-engine:5.9.3=testRuntimeClasspath
org.junit.jupiter:junit-jupiter-params:5.9.3=testCompileClasspath,testImplementationDependenciesMetadata,testRuntimeClasspath
org.junit.platform:junit-platform-commons:1.9.3=testCompileClasspath,testImplementationDependenciesMetadata,testRuntimeClasspath
org.junit.platform:junit-platform-engine:1.9.3=testRuntimeClasspath
org.junit:junit-bom:5.9.3=testCompileClasspath,testImplementationDependenciesMetadata,testRuntimeClasspath
org.opentest4j:opentest4j:1.2.0=testCompileClasspath,testImplementationDependenciesMetadata,testRuntimeClasspath
org.slf4j:slf4j-api:1.7.36=runtimeClasspath
org.slf4j:slf4j-api:2.0.7=compileClasspath,compileOnlyDependenciesMetadata,testCompileClasspath,testImplementationDependenciesMetadata,testRuntimeClasspath
empty=annotationProcessor,intransitiveDependenciesMetadata,kotlinCompilerPluginClasspath,kotlinNativeCompilerPluginClasspath,kotlinScriptDef,kotlinScriptDefExtensions,testAnnotationProcessor,testApiDependenciesMetadata,testCompileOnlyDependenciesMetadata,testIntransitiveDependenciesMetadata,testKotlinScriptDef,testKotlinScriptDefExtensions
